PODS:
  - Alamofire (5.8.1)
  - FSCalendar (2.8.4)
  - MediaPipeTasksCommon (0.10.21)
  - MediaPipeTasksVision (0.10.21):
    - MediaPipeTasksCommon (= 0.10.21)
  - Realm (10.40.2):
    - Realm/Headers (= 10.40.2)
  - Realm/Headers (10.40.2)
  - RealmSwift (10.40.2):
    - Realm (= 10.40.2)
  - SDWebImage (5.18.10):
    - SDWebImage/Core (= 5.18.10)
  - SDWebImage/Core (5.18.10)
  - SnapKit (5.6.0)

DEPENDENCIES:
  - Alamofire
  - FSCalendar
  - MediaPipeTasksVision
  - RealmSwift (~> 10.40.01)
  - SDWebImage
  - SnapKit

SPEC REPOS:
  trunk:
    - Alamofire
    - FSCalendar
    - MediaPipeTasksCommon
    - MediaPipeTasksVision
    - Realm
    - RealmSwift
    - SDWebImage
    - SnapKit

SPEC CHECKSUMS:
  Alamofire: 3ca42e259043ee0dc5c0cdd76c4bc568b8e42af7
  FSCalendar: 2d1d0d9398f12d439f55c1fe0f01525b151b8260
  MediaPipeTasksCommon: 6cfa29170d4900f04d250ad95ec058f14a741f38
  MediaPipeTasksVision: 7b1c0f5a5820e87e9d96926f5e65d8cd3744fac2
  Realm: 731e86d9388287b18e36b0beb2493fc4845ce8a2
  RealmSwift: c2a1059ba52e1e08467b1253b1d4ab354ef3177b
  SDWebImage: fc8f2d48bbfd72ef39d70e981bd24a3f3be53fec
  SnapKit: e01d52ebb8ddbc333eefe2132acf85c8227d9c25

PODFILE CHECKSUM: a29ff6183258dbf9edb69f8e2caee4695042889d

COCOAPODS: 1.16.2
