// !$*UTF8*$!
{
	archiveVersion = 1;
	classes = {
	};
	objectVersion = 56;
	objects = {

/* Begin PBXBuildFile section */
		8234B3002A3242E10091810F /* SpeechRecognitionManager.swift in Sources */ = {isa = PBXBuildFile; fileRef = 8234B2FF2A3242E10091810F /* SpeechRecognitionManager.swift */; };
		826888542A33A91200434219 /* AGPUSubSectionTableViewCell.swift in Sources */ = {isa = PBXBuildFile; fileRef = 826888522A33A91200434219 /* AGPUSubSectionTableViewCell.swift */; };
		826888582A33AB5600434219 /* AGPUSplashScreenViewController.swift in Sources */ = {isa = PBXBuildFile; fileRef = 826888572A33AB5600434219 /* AGPUSplashScreenViewController.swift */; };
		8268885B2A33AC6000434219 /* AnimationClass.swift in Sources */ = {isa = PBXBuildFile; fileRef = 8268885A2A33AC6000434219 /* AnimationClass.swift */; };
		8268885E2A33ACB700434219 /* RoundedImageView.swift in Sources */ = {isa = PBXBuildFile; fileRef = 8268885D2A33ACB700434219 /* RoundedImageView.swift */; };
		826888612A33ACF500434219 /* UIView + Extensions.swift in Sources */ = {isa = PBXBuildFile; fileRef = 826888602A33ACF500434219 /* UIView + Extensions.swift */; };
		826888662A33B6E700434219 /* AGPUTabBarController.swift in Sources */ = {isa = PBXBuildFile; fileRef = 826888652A33B6E700434219 /* AGPUTabBarController.swift */; };
		826888692A3482DF00434219 /* AGPUSubSections.swift in Sources */ = {isa = PBXBuildFile; fileRef = 826888682A3482DF00434219 /* AGPUSubSections.swift */; };
		82808E892A31F12100DEEB16 /* AppDelegate.swift in Sources */ = {isa = PBXBuildFile; fileRef = 82808E882A31F12100DEEB16 /* AppDelegate.swift */; };
		82808E8B2A31F12100DEEB16 /* SceneDelegate.swift in Sources */ = {isa = PBXBuildFile; fileRef = 82808E8A2A31F12100DEEB16 /* SceneDelegate.swift */; };
		82808E8D2A31F12100DEEB16 /* AGPUSectionsViewController.swift in Sources */ = {isa = PBXBuildFile; fileRef = 82808E8C2A31F12100DEEB16 /* AGPUSectionsViewController.swift */; };
		82808E922A31F12500DEEB16 /* Assets.xcassets in Resources */ = {isa = PBXBuildFile; fileRef = 82808E912A31F12500DEEB16 /* Assets.xcassets */; };
		82808E952A31F12500DEEB16 /* LaunchScreen.storyboard in Resources */ = {isa = PBXBuildFile; fileRef = 82808E932A31F12500DEEB16 /* LaunchScreen.storyboard */; };
		82808E9E2A31F2F800DEEB16 /* AGPUSectionModel.swift in Sources */ = {isa = PBXBuildFile; fileRef = 82808E9D2A31F2F800DEEB16 /* AGPUSectionModel.swift */; };
		82808EA02A31F44500DEEB16 /* AGPUSubSectionModel.swift in Sources */ = {isa = PBXBuildFile; fileRef = 82808E9F2A31F44500DEEB16 /* AGPUSubSectionModel.swift */; };
		82808EA92A32236E00DEEB16 /* AGPUSections.swift in Sources */ = {isa = PBXBuildFile; fileRef = 82808EA82A32236E00DEEB16 /* AGPUSections.swift */; };
		828CFA372A35F65700C7542D /* WebViewController.swift in Sources */ = {isa = PBXBuildFile; fileRef = 828CFA362A35F65700C7542D /* WebViewController.swift */; };
		828CFA3C2A3680C700C7542D /* String + Extensions.swift in Sources */ = {isa = PBXBuildFile; fileRef = 828CFA3B2A3680C700C7542D /* String + Extensions.swift */; };
		829522DD2A38AED900329713 /* AGPUMapViewController.swift in Sources */ = {isa = PBXBuildFile; fileRef = 829522DC2A38AED900329713 /* AGPUMapViewController.swift */; };
		82BDFDB02A404BA0002DBB89 /* AGPUSecondMapViewController.swift in Sources */ = {isa = PBXBuildFile; fileRef = 82BDFDAF2A404BA0002DBB89 /* AGPUSecondMapViewController.swift */; };
		82BDFDB22A404C52002DBB89 /* MapRealisationsListViewController.swift in Sources */ = {isa = PBXBuildFile; fileRef = 82BDFDB12A404C52002DBB89 /* MapRealisationsListViewController.swift */; };
		82EF23D72A3DF0B8004A7B9C /* AnimationClassProtocol.swift in Sources */ = {isa = PBXBuildFile; fileRef = 82EF23D62A3DF0B8004A7B9C /* AnimationClassProtocol.swift */; };
		82EF23DA2A3DF24E004A7B9C /* SpeechRecognitionManagerProtocol.swift in Sources */ = {isa = PBXBuildFile; fileRef = 82EF23D92A3DF24E004A7B9C /* SpeechRecognitionManagerProtocol.swift */; };
		82EF23DF2A3DF621004A7B9C /* SpringImageView.swift in Sources */ = {isa = PBXBuildFile; fileRef = 82EF23DE2A3DF621004A7B9C /* SpringImageView.swift */; };
		82F4ECFE2A3F82E400F1E5CC /* AudioPlayer.swift in Sources */ = {isa = PBXBuildFile; fileRef = 82F4ECFD2A3F82E400F1E5CC /* AudioPlayer.swift */; };
		82F4ED052A3F83DF00F1E5CC /* spring.mp3 in Resources */ = {isa = PBXBuildFile; fileRef = 82F4ED042A3F83DF00F1E5CC /* spring.mp3 */; };
/* End PBXBuildFile section */

/* Begin PBXFileReference section */
		8234B2FF2A3242E10091810F /* SpeechRecognitionManager.swift */ = {isa = PBXFileReference; lastKnownFileType = sourcecode.swift; path = SpeechRecognitionManager.swift; sourceTree = "<group>"; };
		826888522A33A91200434219 /* AGPUSubSectionTableViewCell.swift */ = {isa = PBXFileReference; lastKnownFileType = sourcecode.swift; path = AGPUSubSectionTableViewCell.swift; sourceTree = "<group>"; };
		826888572A33AB5600434219 /* AGPUSplashScreenViewController.swift */ = {isa = PBXFileReference; lastKnownFileType = sourcecode.swift; path = AGPUSplashScreenViewController.swift; sourceTree = "<group>"; };
		8268885A2A33AC6000434219 /* AnimationClass.swift */ = {isa = PBXFileReference; lastKnownFileType = sourcecode.swift; path = AnimationClass.swift; sourceTree = "<group>"; };
		8268885D2A33ACB700434219 /* RoundedImageView.swift */ = {isa = PBXFileReference; lastKnownFileType = sourcecode.swift; path = RoundedImageView.swift; sourceTree = "<group>"; };
		826888602A33ACF500434219 /* UIView + Extensions.swift */ = {isa = PBXFileReference; lastKnownFileType = sourcecode.swift; path = "UIView + Extensions.swift"; sourceTree = "<group>"; };
		826888652A33B6E700434219 /* AGPUTabBarController.swift */ = {isa = PBXFileReference; lastKnownFileType = sourcecode.swift; path = AGPUTabBarController.swift; sourceTree = "<group>"; };
		826888682A3482DF00434219 /* AGPUSubSections.swift */ = {isa = PBXFileReference; lastKnownFileType = sourcecode.swift; path = AGPUSubSections.swift; sourceTree = "<group>"; };
		82808E852A31F12100DEEB16 /* AGPU.app */ = {isa = PBXFileReference; explicitFileType = wrapper.application; includeInIndex = 0; path = AGPU.app; sourceTree = BUILT_PRODUCTS_DIR; };
		82808E882A31F12100DEEB16 /* AppDelegate.swift */ = {isa = PBXFileReference; lastKnownFileType = sourcecode.swift; path = AppDelegate.swift; sourceTree = "<group>"; };
		82808E8A2A31F12100DEEB16 /* SceneDelegate.swift */ = {isa = PBXFileReference; lastKnownFileType = sourcecode.swift; path = SceneDelegate.swift; sourceTree = "<group>"; };
		82808E8C2A31F12100DEEB16 /* AGPUSectionsViewController.swift */ = {isa = PBXFileReference; lastKnownFileType = sourcecode.swift; path = AGPUSectionsViewController.swift; sourceTree = "<group>"; };
		82808E912A31F12500DEEB16 /* Assets.xcassets */ = {isa = PBXFileReference; lastKnownFileType = folder.assetcatalog; path = Assets.xcassets; sourceTree = "<group>"; };
		82808E942A31F12500DEEB16 /* Base */ = {isa = PBXFileReference; lastKnownFileType = file.storyboard; name = Base; path = Base.lproj/LaunchScreen.storyboard; sourceTree = "<group>"; };
		82808E962A31F12500DEEB16 /* Info.plist */ = {isa = PBXFileReference; lastKnownFileType = text.plist.xml; path = Info.plist; sourceTree = "<group>"; };
		82808E9D2A31F2F800DEEB16 /* AGPUSectionModel.swift */ = {isa = PBXFileReference; lastKnownFileType = sourcecode.swift; path = AGPUSectionModel.swift; sourceTree = "<group>"; };
		82808E9F2A31F44500DEEB16 /* AGPUSubSectionModel.swift */ = {isa = PBXFileReference; lastKnownFileType = sourcecode.swift; path = AGPUSubSectionModel.swift; sourceTree = "<group>"; };
		82808EA82A32236E00DEEB16 /* AGPUSections.swift */ = {isa = PBXFileReference; lastKnownFileType = sourcecode.swift; path = AGPUSections.swift; sourceTree = "<group>"; };
		828CFA362A35F65700C7542D /* WebViewController.swift */ = {isa = PBXFileReference; lastKnownFileType = sourcecode.swift; path = WebViewController.swift; sourceTree = "<group>"; };
		828CFA3B2A3680C700C7542D /* String + Extensions.swift */ = {isa = PBXFileReference; lastKnownFileType = sourcecode.swift; path = "String + Extensions.swift"; sourceTree = "<group>"; };
		829522DC2A38AED900329713 /* AGPUMapViewController.swift */ = {isa = PBXFileReference; lastKnownFileType = sourcecode.swift; path = AGPUMapViewController.swift; sourceTree = "<group>"; };
		82BDFDAF2A404BA0002DBB89 /* AGPUSecondMapViewController.swift */ = {isa = PBXFileReference; lastKnownFileType = sourcecode.swift; path = AGPUSecondMapViewController.swift; sourceTree = "<group>"; };
		82BDFDB12A404C52002DBB89 /* MapRealisationsListViewController.swift */ = {isa = PBXFileReference; lastKnownFileType = sourcecode.swift; path = MapRealisationsListViewController.swift; sourceTree = "<group>"; };
		82EF23D62A3DF0B8004A7B9C /* AnimationClassProtocol.swift */ = {isa = PBXFileReference; lastKnownFileType = sourcecode.swift; path = AnimationClassProtocol.swift; sourceTree = "<group>"; };
		82EF23D92A3DF24E004A7B9C /* SpeechRecognitionManagerProtocol.swift */ = {isa = PBXFileReference; lastKnownFileType = sourcecode.swift; path = SpeechRecognitionManagerProtocol.swift; sourceTree = "<group>"; };
		82EF23DE2A3DF621004A7B9C /* SpringImageView.swift */ = {isa = PBXFileReference; lastKnownFileType = sourcecode.swift; path = SpringImageView.swift; sourceTree = "<group>"; };
		82F4ECFD2A3F82E400F1E5CC /* AudioPlayer.swift */ = {isa = PBXFileReference; lastKnownFileType = sourcecode.swift; path = AudioPlayer.swift; sourceTree = "<group>"; };
		82F4ED042A3F83DF00F1E5CC /* spring.mp3 */ = {isa = PBXFileReference; lastKnownFileType = audio.mp3; path = spring.mp3; sourceTree = "<group>"; };
/* End PBXFileReference section */

/* Begin PBXFrameworksBuildPhase section */
		82808E822A31F12100DEEB16 /* Frameworks */ = {
			isa = PBXFrameworksBuildPhase;
			buildActionMask = 2147483647;
			files = (
			);
			runOnlyForDeploymentPostprocessing = 0;
		};
/* End PBXFrameworksBuildPhase section */

/* Begin PBXGroup section */
		8234B2FE2A3242CC0091810F /* Services */ = {
			isa = PBXGroup;
			children = (
				82F4ECFC2A3F82CE00F1E5CC /* Audio Player */,
				82EF23D02A3DED73004A7B9C /* Speech Recognition */,
				82EF23D12A3DED7F004A7B9C /* Animation */,
			);
			path = Services;
			sourceTree = "<group>";
		};
		826888502A33A8EE00434219 /* ViewController */ = {
			isa = PBXGroup;
			children = (
				82808E8C2A31F12100DEEB16 /* AGPUSectionsViewController.swift */,
			);
			path = ViewController;
			sourceTree = "<group>";
		};
		826888512A33A8FB00434219 /* Cell */ = {
			isa = PBXGroup;
			children = (
				826888522A33A91200434219 /* AGPUSubSectionTableViewCell.swift */,
			);
			path = Cell;
			sourceTree = "<group>";
		};
		826888562A33AB3C00434219 /* Splash Screen */ = {
			isa = PBXGroup;
			children = (
				826888572A33AB5600434219 /* AGPUSplashScreenViewController.swift */,
			);
			path = "Splash Screen";
			sourceTree = "<group>";
		};
		8268885C2A33ACA800434219 /* CustomViews */ = {
			isa = PBXGroup;
			children = (
				82EF23DB2A3DF2DD004A7B9C /* Rounded Image */,
				82EF23DD2A3DF612004A7B9C /* Spring Image */,
			);
			path = CustomViews;
			sourceTree = "<group>";
		};
		8268885F2A33ACE800434219 /* Extensions */ = {
			isa = PBXGroup;
			children = (
				826888602A33ACF500434219 /* UIView + Extensions.swift */,
				828CFA3B2A3680C700C7542D /* String + Extensions.swift */,
			);
			path = Extensions;
			sourceTree = "<group>";
		};
		826888672A33B87A00434219 /* Screens */ = {
			isa = PBXGroup;
			children = (
				828CFA342A35F62400C7542D /* TabBar */,
				826888562A33AB3C00434219 /* Splash Screen */,
				82808E9C2A31F2D400DEEB16 /* Sections */,
				828CFA352A35F64700C7542D /* Web */,
				829522DB2A38AEBE00329713 /* Map */,
			);
			path = Screens;
			sourceTree = "<group>";
		};
		8268886A2A34866D00434219 /* Models */ = {
			isa = PBXGroup;
			children = (
				82EF23D22A3DEEA6004A7B9C /* Sections */,
				82EF23D32A3DEEB8004A7B9C /* Sub Sections */,
			);
			path = Models;
			sourceTree = "<group>";
		};
		82808E7C2A31F12100DEEB16 = {
			isa = PBXGroup;
			children = (
				82808E872A31F12100DEEB16 /* AGPU */,
				82808E862A31F12100DEEB16 /* Products */,
			);
			sourceTree = "<group>";
		};
		82808E862A31F12100DEEB16 /* Products */ = {
			isa = PBXGroup;
			children = (
				82808E852A31F12100DEEB16 /* AGPU.app */,
			);
			name = Products;
			sourceTree = "<group>";
		};
		82808E872A31F12100DEEB16 /* AGPU */ = {
			isa = PBXGroup;
			children = (
				82F4ECFF2A3F836500F1E5CC /* sounds */,
				8268886A2A34866D00434219 /* Models */,
				8268885C2A33ACA800434219 /* CustomViews */,
				82EF23D42A3DF09F004A7B9C /* Protocols */,
				8234B2FE2A3242CC0091810F /* Services */,
				8268885F2A33ACE800434219 /* Extensions */,
				826888672A33B87A00434219 /* Screens */,
				82808E882A31F12100DEEB16 /* AppDelegate.swift */,
				82808E8A2A31F12100DEEB16 /* SceneDelegate.swift */,
				82808E912A31F12500DEEB16 /* Assets.xcassets */,
				82808E932A31F12500DEEB16 /* LaunchScreen.storyboard */,
				82808E962A31F12500DEEB16 /* Info.plist */,
			);
			path = AGPU;
			sourceTree = "<group>";
		};
		82808E9C2A31F2D400DEEB16 /* Sections */ = {
			isa = PBXGroup;
			children = (
				82808EA22A31F49B00DEEB16 /* View */,
			);
			path = Sections;
			sourceTree = "<group>";
		};
		82808EA22A31F49B00DEEB16 /* View */ = {
			isa = PBXGroup;
			children = (
				826888502A33A8EE00434219 /* ViewController */,
				826888512A33A8FB00434219 /* Cell */,
			);
			path = View;
			sourceTree = "<group>";
		};
		828CFA342A35F62400C7542D /* TabBar */ = {
			isa = PBXGroup;
			children = (
				826888652A33B6E700434219 /* AGPUTabBarController.swift */,
			);
			path = TabBar;
			sourceTree = "<group>";
		};
		828CFA352A35F64700C7542D /* Web */ = {
			isa = PBXGroup;
			children = (
				828CFA362A35F65700C7542D /* WebViewController.swift */,
			);
			path = Web;
			sourceTree = "<group>";
		};
		829522DB2A38AEBE00329713 /* Map */ = {
			isa = PBXGroup;
			children = (
				82BDFDB12A404C52002DBB89 /* MapRealisationsListViewController.swift */,
				829522DC2A38AED900329713 /* AGPUMapViewController.swift */,
				82BDFDAF2A404BA0002DBB89 /* AGPUSecondMapViewController.swift */,
			);
			path = Map;
			sourceTree = "<group>";
		};
		82EF23D02A3DED73004A7B9C /* Speech Recognition */ = {
			isa = PBXGroup;
			children = (
				8234B2FF2A3242E10091810F /* SpeechRecognitionManager.swift */,
			);
			path = "Speech Recognition";
			sourceTree = "<group>";
		};
		82EF23D12A3DED7F004A7B9C /* Animation */ = {
			isa = PBXGroup;
			children = (
				8268885A2A33AC6000434219 /* AnimationClass.swift */,
			);
			path = Animation;
			sourceTree = "<group>";
		};
		82EF23D22A3DEEA6004A7B9C /* Sections */ = {
			isa = PBXGroup;
			children = (
				82808E9D2A31F2F800DEEB16 /* AGPUSectionModel.swift */,
				82808EA82A32236E00DEEB16 /* AGPUSections.swift */,
			);
			path = Sections;
			sourceTree = "<group>";
		};
		82EF23D32A3DEEB8004A7B9C /* Sub Sections */ = {
			isa = PBXGroup;
			children = (
				82808E9F2A31F44500DEEB16 /* AGPUSubSectionModel.swift */,
				826888682A3482DF00434219 /* AGPUSubSections.swift */,
			);
			path = "Sub Sections";
			sourceTree = "<group>";
		};
		82EF23D42A3DF09F004A7B9C /* Protocols */ = {
			isa = PBXGroup;
			children = (
				82EF23D82A3DF237004A7B9C /* Speech Recognition */,
				82EF23D52A3DF0A5004A7B9C /* Animation */,
			);
			path = Protocols;
			sourceTree = "<group>";
		};
		82EF23D52A3DF0A5004A7B9C /* Animation */ = {
			isa = PBXGroup;
			children = (
				82EF23D62A3DF0B8004A7B9C /* AnimationClassProtocol.swift */,
			);
			path = Animation;
			sourceTree = "<group>";
		};
		82EF23D82A3DF237004A7B9C /* Speech Recognition */ = {
			isa = PBXGroup;
			children = (
				82EF23D92A3DF24E004A7B9C /* SpeechRecognitionManagerProtocol.swift */,
			);
			path = "Speech Recognition";
			sourceTree = "<group>";
		};
		82EF23DB2A3DF2DD004A7B9C /* Rounded Image */ = {
			isa = PBXGroup;
			children = (
				8268885D2A33ACB700434219 /* RoundedImageView.swift */,
			);
			path = "Rounded Image";
			sourceTree = "<group>";
		};
		82EF23DD2A3DF612004A7B9C /* Spring Image */ = {
			isa = PBXGroup;
			children = (
				82EF23DE2A3DF621004A7B9C /* SpringImageView.swift */,
			);
			path = "Spring Image";
			sourceTree = "<group>";
		};
		82F4ECFC2A3F82CE00F1E5CC /* Audio Player */ = {
			isa = PBXGroup;
			children = (
				82F4ECFD2A3F82E400F1E5CC /* AudioPlayer.swift */,
			);
			path = "Audio Player";
			sourceTree = "<group>";
		};
		82F4ECFF2A3F836500F1E5CC /* sounds */ = {
			isa = PBXGroup;
			children = (
				82F4ED042A3F83DF00F1E5CC /* spring.mp3 */,
			);
			path = sounds;
			sourceTree = "<group>";
		};
/* End PBXGroup section */

/* Begin PBXNativeTarget section */
		82808E842A31F12100DEEB16 /* AGPU */ = {
			isa = PBXNativeTarget;
			buildConfigurationList = 82808E992A31F12500DEEB16 /* Build configuration list for PBXNativeTarget "AGPU" */;
			buildPhases = (
				82808E812A31F12100DEEB16 /* Sources */,
				82808E822A31F12100DEEB16 /* Frameworks */,
				82808E832A31F12100DEEB16 /* Resources */,
			);
			buildRules = (
			);
			dependencies = (
			);
			name = AGPU;
			productName = AGPU;
			productReference = 82808E852A31F12100DEEB16 /* AGPU.app */;
			productType = "com.apple.product-type.application";
		};
/* End PBXNativeTarget section */

/* Begin PBXProject section */
		82808E7D2A31F12100DEEB16 /* Project object */ = {
			isa = PBXProject;
			attributes = {
				BuildIndependentTargetsInParallel = 1;
				LastSwiftUpdateCheck = 1430;
				LastUpgradeCheck = 1430;
				TargetAttributes = {
					82808E842A31F12100DEEB16 = {
						CreatedOnToolsVersion = 14.3;
					};
				};
			};
			buildConfigurationList = 82808E802A31F12100DEEB16 /* Build configuration list for PBXProject "AGPU" */;
			compatibilityVersion = "Xcode 14.0";
			developmentRegion = en;
			hasScannedForEncodings = 0;
			knownRegions = (
				en,
				Base,
			);
			mainGroup = 82808E7C2A31F12100DEEB16;
			productRefGroup = 82808E862A31F12100DEEB16 /* Products */;
			projectDirPath = "";
			projectRoot = "";
			targets = (
				82808E842A31F12100DEEB16 /* AGPU */,
			);
		};
/* End PBXProject section */

/* Begin PBXResourcesBuildPhase section */
		82808E832A31F12100DEEB16 /* Resources */ = {
			isa = PBXResourcesBuildPhase;
			buildActionMask = 2147483647;
			files = (
				82808E952A31F12500DEEB16 /* LaunchScreen.storyboard in Resources */,
				82808E922A31F12500DEEB16 /* Assets.xcassets in Resources */,
				82F4ED052A3F83DF00F1E5CC /* spring.mp3 in Resources */,
			);
			runOnlyForDeploymentPostprocessing = 0;
		};
/* End PBXResourcesBuildPhase section */

/* Begin PBXSourcesBuildPhase section */
		82808E812A31F12100DEEB16 /* Sources */ = {
			isa = PBXSourcesBuildPhase;
			buildActionMask = 2147483647;
			files = (
				826888662A33B6E700434219 /* AGPUTabBarController.swift in Sources */,
				82EF23D72A3DF0B8004A7B9C /* AnimationClassProtocol.swift in Sources */,
				82BDFDB02A404BA0002DBB89 /* AGPUSecondMapViewController.swift in Sources */,
				82808E9E2A31F2F800DEEB16 /* AGPUSectionModel.swift in Sources */,
				826888542A33A91200434219 /* AGPUSubSectionTableViewCell.swift in Sources */,
				8234B3002A3242E10091810F /* SpeechRecognitionManager.swift in Sources */,
				8268885B2A33AC6000434219 /* AnimationClass.swift in Sources */,
				826888612A33ACF500434219 /* UIView + Extensions.swift in Sources */,
				828CFA3C2A3680C700C7542D /* String + Extensions.swift in Sources */,
				82808E8D2A31F12100DEEB16 /* AGPUSectionsViewController.swift in Sources */,
				82808E892A31F12100DEEB16 /* AppDelegate.swift in Sources */,
				82808EA02A31F44500DEEB16 /* AGPUSubSectionModel.swift in Sources */,
				82808EA92A32236E00DEEB16 /* AGPUSections.swift in Sources */,
				8268885E2A33ACB700434219 /* RoundedImageView.swift in Sources */,
				826888692A3482DF00434219 /* AGPUSubSections.swift in Sources */,
				82EF23DA2A3DF24E004A7B9C /* SpeechRecognitionManagerProtocol.swift in Sources */,
				82808E8B2A31F12100DEEB16 /* SceneDelegate.swift in Sources */,
				82BDFDB22A404C52002DBB89 /* MapRealisationsListViewController.swift in Sources */,
				829522DD2A38AED900329713 /* AGPUMapViewController.swift in Sources */,
				82EF23DF2A3DF621004A7B9C /* SpringImageView.swift in Sources */,
				828CFA372A35F65700C7542D /* WebViewController.swift in Sources */,
				826888582A33AB5600434219 /* AGPUSplashScreenViewController.swift in Sources */,
				82F4ECFE2A3F82E400F1E5CC /* AudioPlayer.swift in Sources */,
			);
			runOnlyForDeploymentPostprocessing = 0;
		};
/* End PBXSourcesBuildPhase section */

/* Begin PBXVariantGroup section */
		82808E932A31F12500DEEB16 /* LaunchScreen.storyboard */ = {
			isa = PBXVariantGroup;
			children = (
				82808E942A31F12500DEEB16 /* Base */,
			);
			name = LaunchScreen.storyboard;
			sourceTree = "<group>";
		};
/* End PBXVariantGroup section */

/* Begin XCBuildConfiguration section */
		82808E972A31F12500DEEB16 /* Debug */ = {
			isa = XCBuildConfiguration;
			buildSettings = {
				ALWAYS_SEARCH_USER_PATHS = NO;
				CLANG_ANALYZER_NONNULL = YES;
				CLANG_ANALYZER_NUMBER_OBJECT_CONVERSION = YES_AGGRESSIVE;
				CLANG_CXX_LANGUAGE_STANDARD = "gnu++20";
				CLANG_ENABLE_MODULES = YES;
				CLANG_ENABLE_OBJC_ARC = YES;
				CLANG_ENABLE_OBJC_WEAK = YES;
				CLANG_WARN_BLOCK_CAPTURE_AUTORELEASING = YES;
				CLANG_WARN_BOOL_CONVERSION = YES;
				CLANG_WARN_COMMA = YES;
				CLANG_WARN_CONSTANT_CONVERSION = YES;
				CLANG_WARN_DEPRECATED_OBJC_IMPLEMENTATIONS = YES;
				CLANG_WARN_DIRECT_OBJC_ISA_USAGE = YES_ERROR;
				CLANG_WARN_DOCUMENTATION_COMMENTS = YES;
				CLANG_WARN_EMPTY_BODY = YES;
				CLANG_WARN_ENUM_CONVERSION = YES;
				CLANG_WARN_INFINITE_RECURSION = YES;
				CLANG_WARN_INT_CONVERSION = YES;
				CLANG_WARN_NON_LITERAL_NULL_CONVERSION = YES;
				CLANG_WARN_OBJC_IMPLICIT_RETAIN_SELF = YES;
				CLANG_WARN_OBJC_LITERAL_CONVERSION = YES;
				CLANG_WARN_OBJC_ROOT_CLASS = YES_ERROR;
				CLANG_WARN_QUOTED_INCLUDE_IN_FRAMEWORK_HEADER = YES;
				CLANG_WARN_RANGE_LOOP_ANALYSIS = YES;
				CLANG_WARN_STRICT_PROTOTYPES = YES;
				CLANG_WARN_SUSPICIOUS_MOVE = YES;
				CLANG_WARN_UNGUARDED_AVAILABILITY = YES_AGGRESSIVE;
				CLANG_WARN_UNREACHABLE_CODE = YES;
				CLANG_WARN__DUPLICATE_METHOD_MATCH = YES;
				COPY_PHASE_STRIP = NO;
				DEBUG_INFORMATION_FORMAT = dwarf;
				ENABLE_STRICT_OBJC_MSGSEND = YES;
				ENABLE_TESTABILITY = YES;
				GCC_C_LANGUAGE_STANDARD = gnu11;
				GCC_DYNAMIC_NO_PIC = NO;
				GCC_NO_COMMON_BLOCKS = YES;
				GCC_OPTIMIZATION_LEVEL = 0;
				GCC_PREPROCESSOR_DEFINITIONS = (
					"DEBUG=1",
					"$(inherited)",
				);
				GCC_WARN_64_TO_32_BIT_CONVERSION = YES;
				GCC_WARN_ABOUT_RETURN_TYPE = YES_ERROR;
				GCC_WARN_UNDECLARED_SELECTOR = YES;
				GCC_WARN_UNINITIALIZED_AUTOS = YES_AGGRESSIVE;
				GCC_WARN_UNUSED_FUNCTION = YES;
				GCC_WARN_UNUSED_VARIABLE = YES;
				IPHONEOS_DEPLOYMENT_TARGET = 16.4;
				MTL_ENABLE_DEBUG_INFO = INCLUDE_SOURCE;
				MTL_FAST_MATH = YES;
				ONLY_ACTIVE_ARCH = YES;
				SDKROOT = iphoneos;
				SWIFT_ACTIVE_COMPILATION_CONDITIONS = DEBUG;
				SWIFT_OPTIMIZATION_LEVEL = "-Onone";
			};
			name = Debug;
		};
		82808E982A31F12500DEEB16 /* Release */ = {
			isa = XCBuildConfiguration;
			buildSettings = {
				ALWAYS_SEARCH_USER_PATHS = NO;
				CLANG_ANALYZER_NONNULL = YES;
				CLANG_ANALYZER_NUMBER_OBJECT_CONVERSION = YES_AGGRESSIVE;
				CLANG_CXX_LANGUAGE_STANDARD = "gnu++20";
				CLANG_ENABLE_MODULES = YES;
				CLANG_ENABLE_OBJC_ARC = YES;
				CLANG_ENABLE_OBJC_WEAK = YES;
				CLANG_WARN_BLOCK_CAPTURE_AUTORELEASING = YES;
				CLANG_WARN_BOOL_CONVERSION = YES;
				CLANG_WARN_COMMA = YES;
				CLANG_WARN_CONSTANT_CONVERSION = YES;
				CLANG_WARN_DEPRECATED_OBJC_IMPLEMENTATIONS = YES;
				CLANG_WARN_DIRECT_OBJC_ISA_USAGE = YES_ERROR;
				CLANG_WARN_DOCUMENTATION_COMMENTS = YES;
				CLANG_WARN_EMPTY_BODY = YES;
				CLANG_WARN_ENUM_CONVERSION = YES;
				CLANG_WARN_INFINITE_RECURSION = YES;
				CLANG_WARN_INT_CONVERSION = YES;
				CLANG_WARN_NON_LITERAL_NULL_CONVERSION = YES;
				CLANG_WARN_OBJC_IMPLICIT_RETAIN_SELF = YES;
				CLANG_WARN_OBJC_LITERAL_CONVERSION = YES;
				CLANG_WARN_OBJC_ROOT_CLASS = YES_ERROR;
				CLANG_WARN_QUOTED_INCLUDE_IN_FRAMEWORK_HEADER = YES;
				CLANG_WARN_RANGE_LOOP_ANALYSIS = YES;
				CLANG_WARN_STRICT_PROTOTYPES = YES;
				CLANG_WARN_SUSPICIOUS_MOVE = YES;
				CLANG_WARN_UNGUARDED_AVAILABILITY = YES_AGGRESSIVE;
				CLANG_WARN_UNREACHABLE_CODE = YES;
				CLANG_WARN__DUPLICATE_METHOD_MATCH = YES;
				COPY_PHASE_STRIP = NO;
				DEBUG_INFORMATION_FORMAT = "dwarf-with-dsym";
				ENABLE_NS_ASSERTIONS = NO;
				ENABLE_STRICT_OBJC_MSGSEND = YES;
				GCC_C_LANGUAGE_STANDARD = gnu11;
				GCC_NO_COMMON_BLOCKS = YES;
				GCC_WARN_64_TO_32_BIT_CONVERSION = YES;
				GCC_WARN_ABOUT_RETURN_TYPE = YES_ERROR;
				GCC_WARN_UNDECLARED_SELECTOR = YES;
				GCC_WARN_UNINITIALIZED_AUTOS = YES_AGGRESSIVE;
				GCC_WARN_UNUSED_FUNCTION = YES;
				GCC_WARN_UNUSED_VARIABLE = YES;
				IPHONEOS_DEPLOYMENT_TARGET = 16.4;
				MTL_ENABLE_DEBUG_INFO = NO;
				MTL_FAST_MATH = YES;
				SDKROOT = iphoneos;
				SWIFT_COMPILATION_MODE = wholemodule;
				SWIFT_OPTIMIZATION_LEVEL = "-O";
				VALIDATE_PRODUCT = YES;
			};
			name = Release;
		};
		82808E9A2A31F12500DEEB16 /* Debug */ = {
			isa = XCBuildConfiguration;
			buildSettings = {
				ASSETCATALOG_COMPILER_APPICON_NAME = AppIcon;
				ASSETCATALOG_COMPILER_GLOBAL_ACCENT_COLOR_NAME = AccentColor;
				CODE_SIGN_STYLE = Automatic;
				CURRENT_PROJECT_VERSION = 1;
				DEVELOPMENT_TEAM = 265GKHT32M;
				GENERATE_INFOPLIST_FILE = YES;
				INFOPLIST_FILE = AGPU/Info.plist;
				INFOPLIST_KEY_CFBundleDisplayName = "АГПУ";
				INFOPLIST_KEY_NSMicrophoneUsageDescription = "";
				INFOPLIST_KEY_NSSpeechRecognitionUsageDescription = "";
				INFOPLIST_KEY_UIApplicationSupportsIndirectInputEvents = YES;
				INFOPLIST_KEY_UILaunchStoryboardName = LaunchScreen;
				INFOPLIST_KEY_UISupportedInterfaceOrientations_iPad = "UIInterfaceOrientationPortrait UIInterfaceOrientationPortraitUpsideDown UIInterfaceOrientationLandscapeLeft UIInterfaceOrientationLandscapeRight";
				INFOPLIST_KEY_UISupportedInterfaceOrientations_iPhone = "UIInterfaceOrientationPortrait UIInterfaceOrientationLandscapeLeft UIInterfaceOrientationLandscapeRight";
				IPHONEOS_DEPLOYMENT_TARGET = 15.0;
				LD_RUNPATH_SEARCH_PATHS = (
					"$(inherited)",
					"@executable_path/Frameworks",
				);
				MARKETING_VERSION = 1.0;
				PRODUCT_BUNDLE_IDENTIFIER = com.AGPU;
				PRODUCT_NAME = "$(TARGET_NAME)";
				SWIFT_EMIT_LOC_STRINGS = YES;
				SWIFT_VERSION = 5.0;
				TARGETED_DEVICE_FAMILY = "1,2";
			};
			name = Debug;
		};
		82808E9B2A31F12500DEEB16 /* Release */ = {
			isa = XCBuildConfiguration;
			buildSettings = {
				ASSETCATALOG_COMPILER_APPICON_NAME = AppIcon;
				ASSETCATALOG_COMPILER_GLOBAL_ACCENT_COLOR_NAME = AccentColor;
				CODE_SIGN_STYLE = Automatic;
				CURRENT_PROJECT_VERSION = 1;
				DEVELOPMENT_TEAM = 265GKHT32M;
				GENERATE_INFOPLIST_FILE = YES;
				INFOPLIST_FILE = AGPU/Info.plist;
				INFOPLIST_KEY_CFBundleDisplayName = "АГПУ";
				INFOPLIST_KEY_NSMicrophoneUsageDescription = "";
				INFOPLIST_KEY_NSSpeechRecognitionUsageDescription = "";
				INFOPLIST_KEY_UIApplicationSupportsIndirectInputEvents = YES;
				INFOPLIST_KEY_UILaunchStoryboardName = LaunchScreen;
				INFOPLIST_KEY_UISupportedInterfaceOrientations_iPad = "UIInterfaceOrientationPortrait UIInterfaceOrientationPortraitUpsideDown UIInterfaceOrientationLandscapeLeft UIInterfaceOrientationLandscapeRight";
				INFOPLIST_KEY_UISupportedInterfaceOrientations_iPhone = "UIInterfaceOrientationPortrait UIInterfaceOrientationLandscapeLeft UIInterfaceOrientationLandscapeRight";
				IPHONEOS_DEPLOYMENT_TARGET = 15.0;
				LD_RUNPATH_SEARCH_PATHS = (
					"$(inherited)",
					"@executable_path/Frameworks",
				);
				MARKETING_VERSION = 1.0;
				PRODUCT_BUNDLE_IDENTIFIER = com.AGPU;
				PRODUCT_NAME = "$(TARGET_NAME)";
				SWIFT_EMIT_LOC_STRINGS = YES;
				SWIFT_VERSION = 5.0;
				TARGETED_DEVICE_FAMILY = "1,2";
			};
			name = Release;
		};
/* End XCBuildConfiguration section */

/* Begin XCConfigurationList section */
		82808E802A31F12100DEEB16 /* Build configuration list for PBXProject "AGPU" */ = {
			isa = XCConfigurationList;
			buildConfigurations = (
				82808E972A31F12500DEEB16 /* Debug */,
				82808E982A31F12500DEEB16 /* Release */,
			);
			defaultConfigurationIsVisible = 0;
			defaultConfigurationName = Release;
		};
		82808E992A31F12500DEEB16 /* Build configuration list for PBXNativeTarget "AGPU" */ = {
			isa = XCConfigurationList;
			buildConfigurations = (
				82808E9A2A31F12500DEEB16 /* Debug */,
				82808E9B2A31F12500DEEB16 /* Release */,
			);
			defaultConfigurationIsVisible = 0;
			defaultConfigurationName = Release;
		};
/* End XCConfigurationList section */
	};
	rootObject = 82808E7D2A31F12100DEEB16 /* Project object */;
}
