// !$*UTF8*$!
{
	archiveVersion = 1;
	classes = {
	};
	objectVersion = 56;
	objects = {

/* Begin PBXBuildFile section */
		8205367E2A50AE5D0054B756 /* CustomMusicTableViewCell.swift in Sources */ = {isa = PBXBuildFile; fileRef = 8205367C2A50AE5D0054B756 /* CustomMusicTableViewCell.swift */; };
		8205367F2A50AE5D0054B756 /* CustomMusicTableViewCell.xib in Resources */ = {isa = PBXBuildFile; fileRef = 8205367D2A50AE5D0054B756 /* CustomMusicTableViewCell.xib */; };
		82194E552A459B28009D2FB3 /* SettingsListViewController + Extensions.swift in Sources */ = {isa = PBXBuildFile; fileRef = 82194E542A459B28009D2FB3 /* SettingsListViewController + Extensions.swift */; };
		822158962A422A650088BDE5 /* SettingsListViewController.swift in Sources */ = {isa = PBXBuildFile; fileRef = 822158952A422A650088BDE5 /* SettingsListViewController.swift */; };
		822158992A42311E0088BDE5 /* MusicModel.swift in Sources */ = {isa = PBXBuildFile; fileRef = 822158982A42311E0088BDE5 /* MusicModel.swift */; };
		8224B4D92A4F10B40069B7B3 /* AddMusicViewController.storyboard in Resources */ = {isa = PBXBuildFile; fileRef = 8224B4D82A4F10B40069B7B3 /* AddMusicViewController.storyboard */; };
		8224B4DB2A4F10D80069B7B3 /* AddMusicViewController.swift in Sources */ = {isa = PBXBuildFile; fileRef = 8224B4DA2A4F10D80069B7B3 /* AddMusicViewController.swift */; };
		8224B4E02A4F181E0069B7B3 /* AddMusicViewController + Extensions.swift in Sources */ = {isa = PBXBuildFile; fileRef = 8224B4DF2A4F181E0069B7B3 /* AddMusicViewController + Extensions.swift */; };
		8224B4E32A4F18A30069B7B3 /* FileService.swift in Sources */ = {isa = PBXBuildFile; fileRef = 8224B4E22A4F18A30069B7B3 /* FileService.swift */; };
		8224B4E62A4F1AF70069B7B3 /* FileServiceProtocol.swift in Sources */ = {isa = PBXBuildFile; fileRef = 8224B4E52A4F1AF70069B7B3 /* FileServiceProtocol.swift */; };
		8224B4EC2A4F1BB10069B7B3 /* RealmManagerProtocol.swift in Sources */ = {isa = PBXBuildFile; fileRef = 8224B4EB2A4F1BB10069B7B3 /* RealmManagerProtocol.swift */; };
		8224B4EF2A4F1C420069B7B3 /* Realm in Frameworks */ = {isa = PBXBuildFile; productRef = 8224B4EE2A4F1C420069B7B3 /* Realm */; };
		8224B4F12A4F1C420069B7B3 /* RealmSwift in Frameworks */ = {isa = PBXBuildFile; productRef = 8224B4F02A4F1C420069B7B3 /* RealmSwift */; };
		8224B4F32A4F1C580069B7B3 /* RealmManager.swift in Sources */ = {isa = PBXBuildFile; fileRef = 8224B4F22A4F1C580069B7B3 /* RealmManager.swift */; };
		82320D812A4913FE00ECADEE /* AlternateIcons.swift in Sources */ = {isa = PBXBuildFile; fileRef = 82320D802A4913FE00ECADEE /* AlternateIcons.swift */; };
		82320D832A49167000ECADEE /* AlternateIconModel.swift in Sources */ = {isa = PBXBuildFile; fileRef = 82320D822A49167000ECADEE /* AlternateIconModel.swift */; };
		82320D872A491F5700ECADEE /* ElectedFacultyTableViewCell.swift in Sources */ = {isa = PBXBuildFile; fileRef = 82320D862A491F5700ECADEE /* ElectedFacultyTableViewCell.swift */; };
		82320D892A491FBC00ECADEE /* ElectedFacultyTableViewCell.xib in Resources */ = {isa = PBXBuildFile; fileRef = 82320D882A491FBC00ECADEE /* ElectedFacultyTableViewCell.xib */; };
		8234B3002A3242E10091810F /* SpeechRecognitionManager.swift in Sources */ = {isa = PBXBuildFile; fileRef = 8234B2FF2A3242E10091810F /* SpeechRecognitionManager.swift */; };
		82461FEE2A50C493008A8752 /* AppDelegate + Extensions.swift in Sources */ = {isa = PBXBuildFile; fileRef = 82461FED2A50C493008A8752 /* AppDelegate + Extensions.swift */; };
		826888542A33A91200434219 /* AGPUSubSectionTableViewCell.swift in Sources */ = {isa = PBXBuildFile; fileRef = 826888522A33A91200434219 /* AGPUSubSectionTableViewCell.swift */; };
		826888582A33AB5600434219 /* AGPUSplashScreenViewController.swift in Sources */ = {isa = PBXBuildFile; fileRef = 826888572A33AB5600434219 /* AGPUSplashScreenViewController.swift */; };
		8268885B2A33AC6000434219 /* AnimationClass.swift in Sources */ = {isa = PBXBuildFile; fileRef = 8268885A2A33AC6000434219 /* AnimationClass.swift */; };
		826888612A33ACF500434219 /* UIView + Extensions.swift in Sources */ = {isa = PBXBuildFile; fileRef = 826888602A33ACF500434219 /* UIView + Extensions.swift */; };
		826888662A33B6E700434219 /* AGPUTabBarController.swift in Sources */ = {isa = PBXBuildFile; fileRef = 826888652A33B6E700434219 /* AGPUTabBarController.swift */; };
		826888692A3482DF00434219 /* AGPUSubSections.swift in Sources */ = {isa = PBXBuildFile; fileRef = 826888682A3482DF00434219 /* AGPUSubSections.swift */; };
		827B62BF2A4236DE008D241E /* informatics music.mp3 in Resources */ = {isa = PBXBuildFile; fileRef = 827B62BE2A4236DE008D241E /* informatics music.mp3 */; };
		827B62C32A425166008D241E /* UserDefaults + Extensions.swift in Sources */ = {isa = PBXBuildFile; fileRef = 827B62C22A425166008D241E /* UserDefaults + Extensions.swift */; };
		827F0FFA2A4B2D7E00C481E4 /* AGPUMainViewController.swift in Sources */ = {isa = PBXBuildFile; fileRef = 827F0FF92A4B2D7E00C481E4 /* AGPUMainViewController.swift */; };
		82808E892A31F12100DEEB16 /* AppDelegate.swift in Sources */ = {isa = PBXBuildFile; fileRef = 82808E882A31F12100DEEB16 /* AppDelegate.swift */; };
		82808E8B2A31F12100DEEB16 /* SceneDelegate.swift in Sources */ = {isa = PBXBuildFile; fileRef = 82808E8A2A31F12100DEEB16 /* SceneDelegate.swift */; };
		82808E8D2A31F12100DEEB16 /* AGPUSectionsListViewController.swift in Sources */ = {isa = PBXBuildFile; fileRef = 82808E8C2A31F12100DEEB16 /* AGPUSectionsListViewController.swift */; };
		82808E922A31F12500DEEB16 /* Assets.xcassets in Resources */ = {isa = PBXBuildFile; fileRef = 82808E912A31F12500DEEB16 /* Assets.xcassets */; };
		82808E952A31F12500DEEB16 /* LaunchScreen.storyboard in Resources */ = {isa = PBXBuildFile; fileRef = 82808E932A31F12500DEEB16 /* LaunchScreen.storyboard */; };
		82808E9E2A31F2F800DEEB16 /* AGPUSectionModel.swift in Sources */ = {isa = PBXBuildFile; fileRef = 82808E9D2A31F2F800DEEB16 /* AGPUSectionModel.swift */; };
		82808EA02A31F44500DEEB16 /* AGPUSubSectionModel.swift in Sources */ = {isa = PBXBuildFile; fileRef = 82808E9F2A31F44500DEEB16 /* AGPUSubSectionModel.swift */; };
		82808EA92A32236E00DEEB16 /* AGPUSections.swift in Sources */ = {isa = PBXBuildFile; fileRef = 82808EA82A32236E00DEEB16 /* AGPUSections.swift */; };
		82868B892A49BD5F00F4F7A5 /* science music.mp3 in Resources */ = {isa = PBXBuildFile; fileRef = 82868B882A49BD5F00F4F7A5 /* science music.mp3 */; };
		82868B8B2A49BE9600F4F7A5 /* philology music.mp3 in Resources */ = {isa = PBXBuildFile; fileRef = 82868B8A2A49BE9600F4F7A5 /* philology music.mp3 */; };
		828CFA372A35F65700C7542D /* WebViewController.swift in Sources */ = {isa = PBXBuildFile; fileRef = 828CFA362A35F65700C7542D /* WebViewController.swift */; };
		828CFA3C2A3680C700C7542D /* String + Extensions.swift in Sources */ = {isa = PBXBuildFile; fileRef = 828CFA3B2A3680C700C7542D /* String + Extensions.swift */; };
		829548832A439C4F007DEBA0 /* AudioPlayerProtocol.swift in Sources */ = {isa = PBXBuildFile; fileRef = 829548822A439C4F007DEBA0 /* AudioPlayerProtocol.swift */; };
		829548862A439D8C007DEBA0 /* AGPUSectionsListViewController + Extensions.swift in Sources */ = {isa = PBXBuildFile; fileRef = 829548852A439D8C007DEBA0 /* AGPUSectionsListViewController + Extensions.swift */; };
		829548922A439FF7007DEBA0 /* AGPUMapViewController + Extensions.swift in Sources */ = {isa = PBXBuildFile; fileRef = 829548912A439FF7007DEBA0 /* AGPUMapViewController + Extensions.swift */; };
		829548992A43AE32007DEBA0 /* SettingsManagerProtocol.swift in Sources */ = {isa = PBXBuildFile; fileRef = 829548982A43AE32007DEBA0 /* SettingsManagerProtocol.swift */; };
		8295489C2A43AE7E007DEBA0 /* SettingsManager.swift in Sources */ = {isa = PBXBuildFile; fileRef = 8295489B2A43AE7E007DEBA0 /* SettingsManager.swift */; };
		829AD68D2A42EA020047609B /* history music.mp3 in Resources */ = {isa = PBXBuildFile; fileRef = 829AD68C2A42EA020047609B /* history music.mp3 */; };
		829AD68F2A42EC680047609B /* pre school music.mp3 in Resources */ = {isa = PBXBuildFile; fileRef = 829AD68E2A42EC680047609B /* pre school music.mp3 */; };
		829AD6912A4327D40047609B /* UIViewController + Extensions.swift in Sources */ = {isa = PBXBuildFile; fileRef = 829AD6902A4327D40047609B /* UIViewController + Extensions.swift */; };
		829AD6992A43818A0047609B /* SettingsListViewModel.swift in Sources */ = {isa = PBXBuildFile; fileRef = 829AD6982A43818A0047609B /* SettingsListViewModel.swift */; };
		82BDFDB02A404BA0002DBB89 /* AGPUMapViewController.swift in Sources */ = {isa = PBXBuildFile; fileRef = 82BDFDAF2A404BA0002DBB89 /* AGPUMapViewController.swift */; };
		82C7B8402A50C98900F9A552 /* AudioPlayer + Extensions.swift in Sources */ = {isa = PBXBuildFile; fileRef = 82C7B83F2A50C98900F9A552 /* AudioPlayer + Extensions.swift */; };
		82C7B8422A50CC1700F9A552 /* SpeechRecognitionManager + Extensions.swift in Sources */ = {isa = PBXBuildFile; fileRef = 82C7B8412A50CC1700F9A552 /* SpeechRecognitionManager + Extensions.swift */; };
		82C7B8442A50CCB800F9A552 /* AnimationClass + Extensions.swift in Sources */ = {isa = PBXBuildFile; fileRef = 82C7B8432A50CCB800F9A552 /* AnimationClass + Extensions.swift */; };
		82C7B8462A50CD4C00F9A552 /* SettingsManager + Extensions.swift in Sources */ = {isa = PBXBuildFile; fileRef = 82C7B8452A50CD4C00F9A552 /* SettingsManager + Extensions.swift */; };
		82C7B8482A50CDB400F9A552 /* FileService + Extensions.swift in Sources */ = {isa = PBXBuildFile; fileRef = 82C7B8472A50CDB400F9A552 /* FileService + Extensions.swift */; };
		82C7B84A2A50CE7B00F9A552 /* RealmManager + Extensions.swift in Sources */ = {isa = PBXBuildFile; fileRef = 82C7B8492A50CE7B00F9A552 /* RealmManager + Extensions.swift */; };
		82EF23D72A3DF0B8004A7B9C /* AnimationClassProtocol.swift in Sources */ = {isa = PBXBuildFile; fileRef = 82EF23D62A3DF0B8004A7B9C /* AnimationClassProtocol.swift */; };
		82EF23DA2A3DF24E004A7B9C /* SpeechRecognitionManagerProtocol.swift in Sources */ = {isa = PBXBuildFile; fileRef = 82EF23D92A3DF24E004A7B9C /* SpeechRecognitionManagerProtocol.swift */; };
		82EF23DF2A3DF621004A7B9C /* SpringImageView.swift in Sources */ = {isa = PBXBuildFile; fileRef = 82EF23DE2A3DF621004A7B9C /* SpringImageView.swift */; };
		82F4ECFE2A3F82E400F1E5CC /* AudioPlayer.swift in Sources */ = {isa = PBXBuildFile; fileRef = 82F4ECFD2A3F82E400F1E5CC /* AudioPlayer.swift */; };
/* End PBXBuildFile section */

/* Begin PBXFileReference section */
		8205367C2A50AE5D0054B756 /* CustomMusicTableViewCell.swift */ = {isa = PBXFileReference; lastKnownFileType = sourcecode.swift; path = CustomMusicTableViewCell.swift; sourceTree = "<group>"; };
		8205367D2A50AE5D0054B756 /* CustomMusicTableViewCell.xib */ = {isa = PBXFileReference; lastKnownFileType = file.xib; path = CustomMusicTableViewCell.xib; sourceTree = "<group>"; };
		82194E542A459B28009D2FB3 /* SettingsListViewController + Extensions.swift */ = {isa = PBXFileReference; lastKnownFileType = sourcecode.swift; path = "SettingsListViewController + Extensions.swift"; sourceTree = "<group>"; };
		822158952A422A650088BDE5 /* SettingsListViewController.swift */ = {isa = PBXFileReference; lastKnownFileType = sourcecode.swift; path = SettingsListViewController.swift; sourceTree = "<group>"; };
		822158982A42311E0088BDE5 /* MusicModel.swift */ = {isa = PBXFileReference; lastKnownFileType = sourcecode.swift; path = MusicModel.swift; sourceTree = "<group>"; };
		8224B4D82A4F10B40069B7B3 /* AddMusicViewController.storyboard */ = {isa = PBXFileReference; lastKnownFileType = file.storyboard; path = AddMusicViewController.storyboard; sourceTree = "<group>"; };
		8224B4DA2A4F10D80069B7B3 /* AddMusicViewController.swift */ = {isa = PBXFileReference; lastKnownFileType = sourcecode.swift; path = AddMusicViewController.swift; sourceTree = "<group>"; };
		8224B4DF2A4F181E0069B7B3 /* AddMusicViewController + Extensions.swift */ = {isa = PBXFileReference; lastKnownFileType = sourcecode.swift; path = "AddMusicViewController + Extensions.swift"; sourceTree = "<group>"; };
		8224B4E22A4F18A30069B7B3 /* FileService.swift */ = {isa = PBXFileReference; lastKnownFileType = sourcecode.swift; path = FileService.swift; sourceTree = "<group>"; };
		8224B4E52A4F1AF70069B7B3 /* FileServiceProtocol.swift */ = {isa = PBXFileReference; lastKnownFileType = sourcecode.swift; path = FileServiceProtocol.swift; sourceTree = "<group>"; };
		8224B4EB2A4F1BB10069B7B3 /* RealmManagerProtocol.swift */ = {isa = PBXFileReference; lastKnownFileType = sourcecode.swift; path = RealmManagerProtocol.swift; sourceTree = "<group>"; };
		8224B4F22A4F1C580069B7B3 /* RealmManager.swift */ = {isa = PBXFileReference; lastKnownFileType = sourcecode.swift; path = RealmManager.swift; sourceTree = "<group>"; };
		82320D802A4913FE00ECADEE /* AlternateIcons.swift */ = {isa = PBXFileReference; lastKnownFileType = sourcecode.swift; path = AlternateIcons.swift; sourceTree = "<group>"; };
		82320D822A49167000ECADEE /* AlternateIconModel.swift */ = {isa = PBXFileReference; lastKnownFileType = sourcecode.swift; path = AlternateIconModel.swift; sourceTree = "<group>"; };
		82320D862A491F5700ECADEE /* ElectedFacultyTableViewCell.swift */ = {isa = PBXFileReference; lastKnownFileType = sourcecode.swift; path = ElectedFacultyTableViewCell.swift; sourceTree = "<group>"; };
		82320D882A491FBC00ECADEE /* ElectedFacultyTableViewCell.xib */ = {isa = PBXFileReference; lastKnownFileType = file.xib; path = ElectedFacultyTableViewCell.xib; sourceTree = "<group>"; };
		8234B2FF2A3242E10091810F /* SpeechRecognitionManager.swift */ = {isa = PBXFileReference; lastKnownFileType = sourcecode.swift; path = SpeechRecognitionManager.swift; sourceTree = "<group>"; };
		82461FED2A50C493008A8752 /* AppDelegate + Extensions.swift */ = {isa = PBXFileReference; lastKnownFileType = sourcecode.swift; path = "AppDelegate + Extensions.swift"; sourceTree = "<group>"; };
		826888522A33A91200434219 /* AGPUSubSectionTableViewCell.swift */ = {isa = PBXFileReference; lastKnownFileType = sourcecode.swift; path = AGPUSubSectionTableViewCell.swift; sourceTree = "<group>"; };
		826888572A33AB5600434219 /* AGPUSplashScreenViewController.swift */ = {isa = PBXFileReference; lastKnownFileType = sourcecode.swift; path = AGPUSplashScreenViewController.swift; sourceTree = "<group>"; };
		8268885A2A33AC6000434219 /* AnimationClass.swift */ = {isa = PBXFileReference; lastKnownFileType = sourcecode.swift; path = AnimationClass.swift; sourceTree = "<group>"; };
		826888602A33ACF500434219 /* UIView + Extensions.swift */ = {isa = PBXFileReference; lastKnownFileType = sourcecode.swift; path = "UIView + Extensions.swift"; sourceTree = "<group>"; };
		826888652A33B6E700434219 /* AGPUTabBarController.swift */ = {isa = PBXFileReference; lastKnownFileType = sourcecode.swift; path = AGPUTabBarController.swift; sourceTree = "<group>"; };
		826888682A3482DF00434219 /* AGPUSubSections.swift */ = {isa = PBXFileReference; lastKnownFileType = sourcecode.swift; path = AGPUSubSections.swift; sourceTree = "<group>"; };
		827B62BE2A4236DE008D241E /* informatics music.mp3 */ = {isa = PBXFileReference; lastKnownFileType = audio.mp3; path = "informatics music.mp3"; sourceTree = "<group>"; };
		827B62C22A425166008D241E /* UserDefaults + Extensions.swift */ = {isa = PBXFileReference; lastKnownFileType = sourcecode.swift; path = "UserDefaults + Extensions.swift"; sourceTree = "<group>"; };
		827F0FF92A4B2D7E00C481E4 /* AGPUMainViewController.swift */ = {isa = PBXFileReference; lastKnownFileType = sourcecode.swift; path = AGPUMainViewController.swift; sourceTree = "<group>"; };
		82808E852A31F12100DEEB16 /* AGPU.app */ = {isa = PBXFileReference; explicitFileType = wrapper.application; includeInIndex = 0; path = AGPU.app; sourceTree = BUILT_PRODUCTS_DIR; };
		82808E882A31F12100DEEB16 /* AppDelegate.swift */ = {isa = PBXFileReference; lastKnownFileType = sourcecode.swift; path = AppDelegate.swift; sourceTree = "<group>"; };
		82808E8A2A31F12100DEEB16 /* SceneDelegate.swift */ = {isa = PBXFileReference; lastKnownFileType = sourcecode.swift; path = SceneDelegate.swift; sourceTree = "<group>"; };
		82808E8C2A31F12100DEEB16 /* AGPUSectionsListViewController.swift */ = {isa = PBXFileReference; lastKnownFileType = sourcecode.swift; path = AGPUSectionsListViewController.swift; sourceTree = "<group>"; };
		82808E912A31F12500DEEB16 /* Assets.xcassets */ = {isa = PBXFileReference; lastKnownFileType = folder.assetcatalog; path = Assets.xcassets; sourceTree = "<group>"; };
		82808E942A31F12500DEEB16 /* Base */ = {isa = PBXFileReference; lastKnownFileType = file.storyboard; name = Base; path = Base.lproj/LaunchScreen.storyboard; sourceTree = "<group>"; };
		82808E962A31F12500DEEB16 /* Info.plist */ = {isa = PBXFileReference; lastKnownFileType = text.plist.xml; path = Info.plist; sourceTree = "<group>"; };
		82808E9D2A31F2F800DEEB16 /* AGPUSectionModel.swift */ = {isa = PBXFileReference; lastKnownFileType = sourcecode.swift; path = AGPUSectionModel.swift; sourceTree = "<group>"; };
		82808E9F2A31F44500DEEB16 /* AGPUSubSectionModel.swift */ = {isa = PBXFileReference; lastKnownFileType = sourcecode.swift; path = AGPUSubSectionModel.swift; sourceTree = "<group>"; };
		82808EA82A32236E00DEEB16 /* AGPUSections.swift */ = {isa = PBXFileReference; lastKnownFileType = sourcecode.swift; path = AGPUSections.swift; sourceTree = "<group>"; };
		82868B882A49BD5F00F4F7A5 /* science music.mp3 */ = {isa = PBXFileReference; lastKnownFileType = audio.mp3; path = "science music.mp3"; sourceTree = "<group>"; };
		82868B8A2A49BE9600F4F7A5 /* philology music.mp3 */ = {isa = PBXFileReference; lastKnownFileType = audio.mp3; path = "philology music.mp3"; sourceTree = "<group>"; };
		828CFA362A35F65700C7542D /* WebViewController.swift */ = {isa = PBXFileReference; lastKnownFileType = sourcecode.swift; path = WebViewController.swift; sourceTree = "<group>"; };
		828CFA3B2A3680C700C7542D /* String + Extensions.swift */ = {isa = PBXFileReference; lastKnownFileType = sourcecode.swift; path = "String + Extensions.swift"; sourceTree = "<group>"; };
		829548822A439C4F007DEBA0 /* AudioPlayerProtocol.swift */ = {isa = PBXFileReference; lastKnownFileType = sourcecode.swift; path = AudioPlayerProtocol.swift; sourceTree = "<group>"; };
		829548852A439D8C007DEBA0 /* AGPUSectionsListViewController + Extensions.swift */ = {isa = PBXFileReference; lastKnownFileType = sourcecode.swift; path = "AGPUSectionsListViewController + Extensions.swift"; sourceTree = "<group>"; };
		829548912A439FF7007DEBA0 /* AGPUMapViewController + Extensions.swift */ = {isa = PBXFileReference; lastKnownFileType = sourcecode.swift; path = "AGPUMapViewController + Extensions.swift"; sourceTree = "<group>"; };
		829548982A43AE32007DEBA0 /* SettingsManagerProtocol.swift */ = {isa = PBXFileReference; lastKnownFileType = sourcecode.swift; path = SettingsManagerProtocol.swift; sourceTree = "<group>"; };
		8295489B2A43AE7E007DEBA0 /* SettingsManager.swift */ = {isa = PBXFileReference; lastKnownFileType = sourcecode.swift; path = SettingsManager.swift; sourceTree = "<group>"; };
		829AD68C2A42EA020047609B /* history music.mp3 */ = {isa = PBXFileReference; lastKnownFileType = audio.mp3; path = "history music.mp3"; sourceTree = "<group>"; };
		829AD68E2A42EC680047609B /* pre school music.mp3 */ = {isa = PBXFileReference; lastKnownFileType = audio.mp3; path = "pre school music.mp3"; sourceTree = "<group>"; };
		829AD6902A4327D40047609B /* UIViewController + Extensions.swift */ = {isa = PBXFileReference; lastKnownFileType = sourcecode.swift; path = "UIViewController + Extensions.swift"; sourceTree = "<group>"; };
		829AD6982A43818A0047609B /* SettingsListViewModel.swift */ = {isa = PBXFileReference; lastKnownFileType = sourcecode.swift; path = SettingsListViewModel.swift; sourceTree = "<group>"; };
		82BDFDAF2A404BA0002DBB89 /* AGPUMapViewController.swift */ = {isa = PBXFileReference; lastKnownFileType = sourcecode.swift; path = AGPUMapViewController.swift; sourceTree = "<group>"; };
		82C7B83F2A50C98900F9A552 /* AudioPlayer + Extensions.swift */ = {isa = PBXFileReference; lastKnownFileType = sourcecode.swift; path = "AudioPlayer + Extensions.swift"; sourceTree = "<group>"; };
		82C7B8412A50CC1700F9A552 /* SpeechRecognitionManager + Extensions.swift */ = {isa = PBXFileReference; lastKnownFileType = sourcecode.swift; path = "SpeechRecognitionManager + Extensions.swift"; sourceTree = "<group>"; };
		82C7B8432A50CCB800F9A552 /* AnimationClass + Extensions.swift */ = {isa = PBXFileReference; lastKnownFileType = sourcecode.swift; path = "AnimationClass + Extensions.swift"; sourceTree = "<group>"; };
		82C7B8452A50CD4C00F9A552 /* SettingsManager + Extensions.swift */ = {isa = PBXFileReference; lastKnownFileType = sourcecode.swift; path = "SettingsManager + Extensions.swift"; sourceTree = "<group>"; };
		82C7B8472A50CDB400F9A552 /* FileService + Extensions.swift */ = {isa = PBXFileReference; lastKnownFileType = sourcecode.swift; path = "FileService + Extensions.swift"; sourceTree = "<group>"; };
		82C7B8492A50CE7B00F9A552 /* RealmManager + Extensions.swift */ = {isa = PBXFileReference; lastKnownFileType = sourcecode.swift; path = "RealmManager + Extensions.swift"; sourceTree = "<group>"; };
		82EF23D62A3DF0B8004A7B9C /* AnimationClassProtocol.swift */ = {isa = PBXFileReference; lastKnownFileType = sourcecode.swift; path = AnimationClassProtocol.swift; sourceTree = "<group>"; };
		82EF23D92A3DF24E004A7B9C /* SpeechRecognitionManagerProtocol.swift */ = {isa = PBXFileReference; lastKnownFileType = sourcecode.swift; path = SpeechRecognitionManagerProtocol.swift; sourceTree = "<group>"; };
		82EF23DE2A3DF621004A7B9C /* SpringImageView.swift */ = {isa = PBXFileReference; lastKnownFileType = sourcecode.swift; path = SpringImageView.swift; sourceTree = "<group>"; };
		82F4ECFD2A3F82E400F1E5CC /* AudioPlayer.swift */ = {isa = PBXFileReference; lastKnownFileType = sourcecode.swift; path = AudioPlayer.swift; sourceTree = "<group>"; };
/* End PBXFileReference section */

/* Begin PBXFrameworksBuildPhase section */
		82808E822A31F12100DEEB16 /* Frameworks */ = {
			isa = PBXFrameworksBuildPhase;
			buildActionMask = 2147483647;
			files = (
				8224B4F12A4F1C420069B7B3 /* RealmSwift in Frameworks */,
				8224B4EF2A4F1C420069B7B3 /* Realm in Frameworks */,
			);
			runOnlyForDeploymentPostprocessing = 0;
		};
/* End PBXFrameworksBuildPhase section */

/* Begin PBXGroup section */
		8205367A2A50ADF30054B756 /* Elected Faculty */ = {
			isa = PBXGroup;
			children = (
				82320D862A491F5700ECADEE /* ElectedFacultyTableViewCell.swift */,
				82320D882A491FBC00ECADEE /* ElectedFacultyTableViewCell.xib */,
			);
			path = "Elected Faculty";
			sourceTree = "<group>";
		};
		8205367B2A50AE350054B756 /* Custom Music */ = {
			isa = PBXGroup;
			children = (
				8205367C2A50AE5D0054B756 /* CustomMusicTableViewCell.swift */,
				8205367D2A50AE5D0054B756 /* CustomMusicTableViewCell.xib */,
			);
			path = "Custom Music";
			sourceTree = "<group>";
		};
		82194E532A459AF2009D2FB3 /* Extensions */ = {
			isa = PBXGroup;
			children = (
				82194E542A459B28009D2FB3 /* SettingsListViewController + Extensions.swift */,
			);
			path = Extensions;
			sourceTree = "<group>";
		};
		822158942A422A480088BDE5 /* Settings MVVM */ = {
			isa = PBXGroup;
			children = (
				8221589A2A4233C50088BDE5 /* View */,
				829AD6972A43817B0047609B /* ViewModel */,
				82194E532A459AF2009D2FB3 /* Extensions */,
			);
			path = "Settings MVVM";
			sourceTree = "<group>";
		};
		8221589A2A4233C50088BDE5 /* View */ = {
			isa = PBXGroup;
			children = (
				82320D842A491F3700ECADEE /* ViewController */,
				82320D852A491F3C00ECADEE /* Cells */,
			);
			path = View;
			sourceTree = "<group>";
		};
		8224B4D32A4F0B760069B7B3 /* Add New Music */ = {
			isa = PBXGroup;
			children = (
				8224B4DE2A4F18090069B7B3 /* StoryBoard */,
				8224B4DC2A4F17F10069B7B3 /* ViewController */,
				8224B4DD2A4F17F90069B7B3 /* Extensions */,
			);
			path = "Add New Music";
			sourceTree = "<group>";
		};
		8224B4DC2A4F17F10069B7B3 /* ViewController */ = {
			isa = PBXGroup;
			children = (
				8224B4DA2A4F10D80069B7B3 /* AddMusicViewController.swift */,
			);
			path = ViewController;
			sourceTree = "<group>";
		};
		8224B4DD2A4F17F90069B7B3 /* Extensions */ = {
			isa = PBXGroup;
			children = (
				8224B4DF2A4F181E0069B7B3 /* AddMusicViewController + Extensions.swift */,
			);
			path = Extensions;
			sourceTree = "<group>";
		};
		8224B4DE2A4F18090069B7B3 /* StoryBoard */ = {
			isa = PBXGroup;
			children = (
				8224B4D82A4F10B40069B7B3 /* AddMusicViewController.storyboard */,
			);
			path = StoryBoard;
			sourceTree = "<group>";
		};
		8224B4E12A4F18960069B7B3 /* File */ = {
			isa = PBXGroup;
			children = (
				8224B4E22A4F18A30069B7B3 /* FileService.swift */,
				82C7B8472A50CDB400F9A552 /* FileService + Extensions.swift */,
			);
			path = File;
			sourceTree = "<group>";
		};
		8224B4E42A4F1AE10069B7B3 /* File */ = {
			isa = PBXGroup;
			children = (
				8224B4E52A4F1AF70069B7B3 /* FileServiceProtocol.swift */,
			);
			path = File;
			sourceTree = "<group>";
		};
		8224B4E92A4F1B5C0069B7B3 /* Realm */ = {
			isa = PBXGroup;
			children = (
				8224B4EB2A4F1BB10069B7B3 /* RealmManagerProtocol.swift */,
			);
			path = Realm;
			sourceTree = "<group>";
		};
		8224B4EA2A4F1B6B0069B7B3 /* Realm */ = {
			isa = PBXGroup;
			children = (
				8224B4F42A4F1CAC0069B7B3 /* Model */,
				8224B4F52A4F1CB10069B7B3 /* Service */,
			);
			path = Realm;
			sourceTree = "<group>";
		};
		8224B4F42A4F1CAC0069B7B3 /* Model */ = {
			isa = PBXGroup;
			children = (
				822158982A42311E0088BDE5 /* MusicModel.swift */,
			);
			path = Model;
			sourceTree = "<group>";
		};
		8224B4F52A4F1CB10069B7B3 /* Service */ = {
			isa = PBXGroup;
			children = (
				8224B4F22A4F1C580069B7B3 /* RealmManager.swift */,
				82C7B8492A50CE7B00F9A552 /* RealmManager + Extensions.swift */,
			);
			path = Service;
			sourceTree = "<group>";
		};
		82320D7F2A4913E800ECADEE /* Icons */ = {
			isa = PBXGroup;
			children = (
				82320D822A49167000ECADEE /* AlternateIconModel.swift */,
				82320D802A4913FE00ECADEE /* AlternateIcons.swift */,
			);
			path = Icons;
			sourceTree = "<group>";
		};
		82320D842A491F3700ECADEE /* ViewController */ = {
			isa = PBXGroup;
			children = (
				822158952A422A650088BDE5 /* SettingsListViewController.swift */,
			);
			path = ViewController;
			sourceTree = "<group>";
		};
		82320D852A491F3C00ECADEE /* Cells */ = {
			isa = PBXGroup;
			children = (
				8205367B2A50AE350054B756 /* Custom Music */,
				8205367A2A50ADF30054B756 /* Elected Faculty */,
			);
			path = Cells;
			sourceTree = "<group>";
		};
		8234B2FE2A3242CC0091810F /* Services */ = {
			isa = PBXGroup;
			children = (
				82F4ECFC2A3F82CE00F1E5CC /* Audio Player */,
				82EF23D02A3DED73004A7B9C /* Speech Recognition */,
				82EF23D12A3DED7F004A7B9C /* Animation */,
				8295489A2A43AE6C007DEBA0 /* Settings */,
				8224B4E12A4F18960069B7B3 /* File */,
				8224B4EA2A4F1B6B0069B7B3 /* Realm */,
			);
			path = Services;
			sourceTree = "<group>";
		};
		8258214B2A46494E00CF0333 /* app */ = {
			isa = PBXGroup;
			children = (
				82808E882A31F12100DEEB16 /* AppDelegate.swift */,
				82808E8A2A31F12100DEEB16 /* SceneDelegate.swift */,
				82808E912A31F12500DEEB16 /* Assets.xcassets */,
				82808E932A31F12500DEEB16 /* LaunchScreen.storyboard */,
				82808E962A31F12500DEEB16 /* Info.plist */,
			);
			path = app;
			sourceTree = "<group>";
		};
		8258214C2A4649FE00CF0333 /* resources */ = {
			isa = PBXGroup;
			children = (
				8268886A2A34866D00434219 /* Models */,
				8268885C2A33ACA800434219 /* CustomViews */,
				82EF23D42A3DF09F004A7B9C /* Protocols */,
				8234B2FE2A3242CC0091810F /* Services */,
				8268885F2A33ACE800434219 /* Extensions */,
				8295489E2A43B0E9007DEBA0 /* Modules */,
			);
			path = resources;
			sourceTree = "<group>";
		};
		826888502A33A8EE00434219 /* ViewController */ = {
			isa = PBXGroup;
			children = (
				82808E8C2A31F12100DEEB16 /* AGPUSectionsListViewController.swift */,
			);
			path = ViewController;
			sourceTree = "<group>";
		};
		826888512A33A8FB00434219 /* Cell */ = {
			isa = PBXGroup;
			children = (
				826888522A33A91200434219 /* AGPUSubSectionTableViewCell.swift */,
			);
			path = Cell;
			sourceTree = "<group>";
		};
		826888562A33AB3C00434219 /* Splash Screen */ = {
			isa = PBXGroup;
			children = (
				826888572A33AB5600434219 /* AGPUSplashScreenViewController.swift */,
			);
			path = "Splash Screen";
			sourceTree = "<group>";
		};
		8268885C2A33ACA800434219 /* CustomViews */ = {
			isa = PBXGroup;
			children = (
				82EF23DD2A3DF612004A7B9C /* Spring Image */,
			);
			path = CustomViews;
			sourceTree = "<group>";
		};
		8268885F2A33ACE800434219 /* Extensions */ = {
			isa = PBXGroup;
			children = (
				826888602A33ACF500434219 /* UIView + Extensions.swift */,
				829AD6902A4327D40047609B /* UIViewController + Extensions.swift */,
				828CFA3B2A3680C700C7542D /* String + Extensions.swift */,
				827B62C22A425166008D241E /* UserDefaults + Extensions.swift */,
				82461FED2A50C493008A8752 /* AppDelegate + Extensions.swift */,
			);
			path = Extensions;
			sourceTree = "<group>";
		};
		826888672A33B87A00434219 /* Screens */ = {
			isa = PBXGroup;
			children = (
				826888562A33AB3C00434219 /* Splash Screen */,
				828CFA342A35F62400C7542D /* TabBar */,
				827F0FF82A4B2D4C00C481E4 /* Main Screen */,
				82808E9C2A31F2D400DEEB16 /* Sections */,
				828CFA352A35F64700C7542D /* Web */,
				829522DB2A38AEBE00329713 /* Map */,
				8224B4D32A4F0B760069B7B3 /* Add New Music */,
			);
			path = Screens;
			sourceTree = "<group>";
		};
		8268886A2A34866D00434219 /* Models */ = {
			isa = PBXGroup;
			children = (
				82EF23D22A3DEEA6004A7B9C /* Sections */,
				82EF23D32A3DEEB8004A7B9C /* Sub Sections */,
				82320D7F2A4913E800ECADEE /* Icons */,
			);
			path = Models;
			sourceTree = "<group>";
		};
		827B62BD2A4236C5008D241E /* music */ = {
			isa = PBXGroup;
			children = (
				82868B8A2A49BE9600F4F7A5 /* philology music.mp3 */,
				827B62BE2A4236DE008D241E /* informatics music.mp3 */,
				829AD68E2A42EC680047609B /* pre school music.mp3 */,
				829AD68C2A42EA020047609B /* history music.mp3 */,
				82868B882A49BD5F00F4F7A5 /* science music.mp3 */,
			);
			path = music;
			sourceTree = "<group>";
		};
		827F0FF82A4B2D4C00C481E4 /* Main Screen */ = {
			isa = PBXGroup;
			children = (
				827F0FF92A4B2D7E00C481E4 /* AGPUMainViewController.swift */,
			);
			path = "Main Screen";
			sourceTree = "<group>";
		};
		82808E7C2A31F12100DEEB16 = {
			isa = PBXGroup;
			children = (
				82808E872A31F12100DEEB16 /* AGPU */,
				82808E862A31F12100DEEB16 /* Products */,
			);
			sourceTree = "<group>";
		};
		82808E862A31F12100DEEB16 /* Products */ = {
			isa = PBXGroup;
			children = (
				82808E852A31F12100DEEB16 /* AGPU.app */,
			);
			name = Products;
			sourceTree = "<group>";
		};
		82808E872A31F12100DEEB16 /* AGPU */ = {
			isa = PBXGroup;
			children = (
				8258214C2A4649FE00CF0333 /* resources */,
				8295489D2A43B0D3007DEBA0 /* sources */,
			);
			path = AGPU;
			sourceTree = "<group>";
		};
		82808E9C2A31F2D400DEEB16 /* Sections */ = {
			isa = PBXGroup;
			children = (
				82808EA22A31F49B00DEEB16 /* View */,
				829548842A439D2A007DEBA0 /* Extensions */,
			);
			path = Sections;
			sourceTree = "<group>";
		};
		82808EA22A31F49B00DEEB16 /* View */ = {
			isa = PBXGroup;
			children = (
				826888502A33A8EE00434219 /* ViewController */,
				826888512A33A8FB00434219 /* Cell */,
			);
			path = View;
			sourceTree = "<group>";
		};
		828CFA342A35F62400C7542D /* TabBar */ = {
			isa = PBXGroup;
			children = (
				826888652A33B6E700434219 /* AGPUTabBarController.swift */,
			);
			path = TabBar;
			sourceTree = "<group>";
		};
		828CFA352A35F64700C7542D /* Web */ = {
			isa = PBXGroup;
			children = (
				828CFA362A35F65700C7542D /* WebViewController.swift */,
			);
			path = Web;
			sourceTree = "<group>";
		};
		829522DB2A38AEBE00329713 /* Map */ = {
			isa = PBXGroup;
			children = (
				8295488F2A439FD3007DEBA0 /* ViewController */,
				829548902A439FDF007DEBA0 /* Extensions */,
			);
			path = Map;
			sourceTree = "<group>";
		};
		829548812A439C39007DEBA0 /* Audio Player */ = {
			isa = PBXGroup;
			children = (
				829548822A439C4F007DEBA0 /* AudioPlayerProtocol.swift */,
			);
			path = "Audio Player";
			sourceTree = "<group>";
		};
		829548842A439D2A007DEBA0 /* Extensions */ = {
			isa = PBXGroup;
			children = (
				829548852A439D8C007DEBA0 /* AGPUSectionsListViewController + Extensions.swift */,
			);
			path = Extensions;
			sourceTree = "<group>";
		};
		8295488F2A439FD3007DEBA0 /* ViewController */ = {
			isa = PBXGroup;
			children = (
				82BDFDAF2A404BA0002DBB89 /* AGPUMapViewController.swift */,
			);
			path = ViewController;
			sourceTree = "<group>";
		};
		829548902A439FDF007DEBA0 /* Extensions */ = {
			isa = PBXGroup;
			children = (
				829548912A439FF7007DEBA0 /* AGPUMapViewController + Extensions.swift */,
			);
			path = Extensions;
			sourceTree = "<group>";
		};
		829548972A43AE1F007DEBA0 /* Settings */ = {
			isa = PBXGroup;
			children = (
				829548982A43AE32007DEBA0 /* SettingsManagerProtocol.swift */,
			);
			path = Settings;
			sourceTree = "<group>";
		};
		8295489A2A43AE6C007DEBA0 /* Settings */ = {
			isa = PBXGroup;
			children = (
				8295489B2A43AE7E007DEBA0 /* SettingsManager.swift */,
				82C7B8452A50CD4C00F9A552 /* SettingsManager + Extensions.swift */,
			);
			path = Settings;
			sourceTree = "<group>";
		};
		8295489D2A43B0D3007DEBA0 /* sources */ = {
			isa = PBXGroup;
			children = (
				8258214B2A46494E00CF0333 /* app */,
				827B62BD2A4236C5008D241E /* music */,
			);
			path = sources;
			sourceTree = "<group>";
		};
		8295489E2A43B0E9007DEBA0 /* Modules */ = {
			isa = PBXGroup;
			children = (
				829AD69A2A4383160047609B /* Clean Architecture */,
				826888672A33B87A00434219 /* Screens */,
			);
			path = Modules;
			sourceTree = "<group>";
		};
		829AD6972A43817B0047609B /* ViewModel */ = {
			isa = PBXGroup;
			children = (
				829AD6982A43818A0047609B /* SettingsListViewModel.swift */,
			);
			path = ViewModel;
			sourceTree = "<group>";
		};
		829AD69A2A4383160047609B /* Clean Architecture */ = {
			isa = PBXGroup;
			children = (
				822158942A422A480088BDE5 /* Settings MVVM */,
			);
			path = "Clean Architecture";
			sourceTree = "<group>";
		};
		82EF23D02A3DED73004A7B9C /* Speech Recognition */ = {
			isa = PBXGroup;
			children = (
				8234B2FF2A3242E10091810F /* SpeechRecognitionManager.swift */,
				82C7B8412A50CC1700F9A552 /* SpeechRecognitionManager + Extensions.swift */,
			);
			path = "Speech Recognition";
			sourceTree = "<group>";
		};
		82EF23D12A3DED7F004A7B9C /* Animation */ = {
			isa = PBXGroup;
			children = (
				8268885A2A33AC6000434219 /* AnimationClass.swift */,
				82C7B8432A50CCB800F9A552 /* AnimationClass + Extensions.swift */,
			);
			path = Animation;
			sourceTree = "<group>";
		};
		82EF23D22A3DEEA6004A7B9C /* Sections */ = {
			isa = PBXGroup;
			children = (
				82808E9D2A31F2F800DEEB16 /* AGPUSectionModel.swift */,
				82808EA82A32236E00DEEB16 /* AGPUSections.swift */,
			);
			path = Sections;
			sourceTree = "<group>";
		};
		82EF23D32A3DEEB8004A7B9C /* Sub Sections */ = {
			isa = PBXGroup;
			children = (
				82808E9F2A31F44500DEEB16 /* AGPUSubSectionModel.swift */,
				826888682A3482DF00434219 /* AGPUSubSections.swift */,
			);
			path = "Sub Sections";
			sourceTree = "<group>";
		};
		82EF23D42A3DF09F004A7B9C /* Protocols */ = {
			isa = PBXGroup;
			children = (
				829548812A439C39007DEBA0 /* Audio Player */,
				82EF23D82A3DF237004A7B9C /* Speech Recognition */,
				82EF23D52A3DF0A5004A7B9C /* Animation */,
				829548972A43AE1F007DEBA0 /* Settings */,
				8224B4E42A4F1AE10069B7B3 /* File */,
				8224B4E92A4F1B5C0069B7B3 /* Realm */,
			);
			path = Protocols;
			sourceTree = "<group>";
		};
		82EF23D52A3DF0A5004A7B9C /* Animation */ = {
			isa = PBXGroup;
			children = (
				82EF23D62A3DF0B8004A7B9C /* AnimationClassProtocol.swift */,
			);
			path = Animation;
			sourceTree = "<group>";
		};
		82EF23D82A3DF237004A7B9C /* Speech Recognition */ = {
			isa = PBXGroup;
			children = (
				82EF23D92A3DF24E004A7B9C /* SpeechRecognitionManagerProtocol.swift */,
			);
			path = "Speech Recognition";
			sourceTree = "<group>";
		};
		82EF23DD2A3DF612004A7B9C /* Spring Image */ = {
			isa = PBXGroup;
			children = (
				82EF23DE2A3DF621004A7B9C /* SpringImageView.swift */,
			);
			path = "Spring Image";
			sourceTree = "<group>";
		};
		82F4ECFC2A3F82CE00F1E5CC /* Audio Player */ = {
			isa = PBXGroup;
			children = (
				82F4ECFD2A3F82E400F1E5CC /* AudioPlayer.swift */,
				82C7B83F2A50C98900F9A552 /* AudioPlayer + Extensions.swift */,
			);
			path = "Audio Player";
			sourceTree = "<group>";
		};
/* End PBXGroup section */

/* Begin PBXNativeTarget section */
		82808E842A31F12100DEEB16 /* AGPU */ = {
			isa = PBXNativeTarget;
			buildConfigurationList = 82808E992A31F12500DEEB16 /* Build configuration list for PBXNativeTarget "AGPU" */;
			buildPhases = (
				82808E812A31F12100DEEB16 /* Sources */,
				82808E822A31F12100DEEB16 /* Frameworks */,
				82808E832A31F12100DEEB16 /* Resources */,
			);
			buildRules = (
			);
			dependencies = (
			);
			name = AGPU;
			packageProductDependencies = (
				8224B4EE2A4F1C420069B7B3 /* Realm */,
				8224B4F02A4F1C420069B7B3 /* RealmSwift */,
			);
			productName = AGPU;
			productReference = 82808E852A31F12100DEEB16 /* AGPU.app */;
			productType = "com.apple.product-type.application";
		};
/* End PBXNativeTarget section */

/* Begin PBXProject section */
		82808E7D2A31F12100DEEB16 /* Project object */ = {
			isa = PBXProject;
			attributes = {
				BuildIndependentTargetsInParallel = 1;
				LastSwiftUpdateCheck = 1430;
				LastUpgradeCheck = 1430;
				TargetAttributes = {
					82808E842A31F12100DEEB16 = {
						CreatedOnToolsVersion = 14.3;
					};
				};
			};
			buildConfigurationList = 82808E802A31F12100DEEB16 /* Build configuration list for PBXProject "AGPU" */;
			compatibilityVersion = "Xcode 14.0";
			developmentRegion = en;
			hasScannedForEncodings = 0;
			knownRegions = (
				en,
				Base,
			);
			mainGroup = 82808E7C2A31F12100DEEB16;
			packageReferences = (
				8224B4ED2A4F1C420069B7B3 /* XCRemoteSwiftPackageReference "realm-swift" */,
			);
			productRefGroup = 82808E862A31F12100DEEB16 /* Products */;
			projectDirPath = "";
			projectRoot = "";
			targets = (
				82808E842A31F12100DEEB16 /* AGPU */,
			);
		};
/* End PBXProject section */

/* Begin PBXResourcesBuildPhase section */
		82808E832A31F12100DEEB16 /* Resources */ = {
			isa = PBXResourcesBuildPhase;
			buildActionMask = 2147483647;
			files = (
				82868B8B2A49BE9600F4F7A5 /* philology music.mp3 in Resources */,
				829AD68D2A42EA020047609B /* history music.mp3 in Resources */,
				8205367F2A50AE5D0054B756 /* CustomMusicTableViewCell.xib in Resources */,
				82808E952A31F12500DEEB16 /* LaunchScreen.storyboard in Resources */,
				829AD68F2A42EC680047609B /* pre school music.mp3 in Resources */,
				82868B892A49BD5F00F4F7A5 /* science music.mp3 in Resources */,
				82320D892A491FBC00ECADEE /* ElectedFacultyTableViewCell.xib in Resources */,
				827B62BF2A4236DE008D241E /* informatics music.mp3 in Resources */,
				8224B4D92A4F10B40069B7B3 /* AddMusicViewController.storyboard in Resources */,
				82808E922A31F12500DEEB16 /* Assets.xcassets in Resources */,
			);
			runOnlyForDeploymentPostprocessing = 0;
		};
/* End PBXResourcesBuildPhase section */

/* Begin PBXSourcesBuildPhase section */
		82808E812A31F12100DEEB16 /* Sources */ = {
			isa = PBXSourcesBuildPhase;
			buildActionMask = 2147483647;
			files = (
				826888662A33B6E700434219 /* AGPUTabBarController.swift in Sources */,
				8224B4DB2A4F10D80069B7B3 /* AddMusicViewController.swift in Sources */,
				82EF23D72A3DF0B8004A7B9C /* AnimationClassProtocol.swift in Sources */,
				82BDFDB02A404BA0002DBB89 /* AGPUMapViewController.swift in Sources */,
				82461FEE2A50C493008A8752 /* AppDelegate + Extensions.swift in Sources */,
				82C7B8482A50CDB400F9A552 /* FileService + Extensions.swift in Sources */,
				82194E552A459B28009D2FB3 /* SettingsListViewController + Extensions.swift in Sources */,
				8224B4F32A4F1C580069B7B3 /* RealmManager.swift in Sources */,
				82808E9E2A31F2F800DEEB16 /* AGPUSectionModel.swift in Sources */,
				826888542A33A91200434219 /* AGPUSubSectionTableViewCell.swift in Sources */,
				822158992A42311E0088BDE5 /* MusicModel.swift in Sources */,
				829AD6912A4327D40047609B /* UIViewController + Extensions.swift in Sources */,
				8234B3002A3242E10091810F /* SpeechRecognitionManager.swift in Sources */,
				8268885B2A33AC6000434219 /* AnimationClass.swift in Sources */,
				82C7B84A2A50CE7B00F9A552 /* RealmManager + Extensions.swift in Sources */,
				82C7B8442A50CCB800F9A552 /* AnimationClass + Extensions.swift in Sources */,
				8224B4E32A4F18A30069B7B3 /* FileService.swift in Sources */,
				827B62C32A425166008D241E /* UserDefaults + Extensions.swift in Sources */,
				829548922A439FF7007DEBA0 /* AGPUMapViewController + Extensions.swift in Sources */,
				826888612A33ACF500434219 /* UIView + Extensions.swift in Sources */,
				829548862A439D8C007DEBA0 /* AGPUSectionsListViewController + Extensions.swift in Sources */,
				829548832A439C4F007DEBA0 /* AudioPlayerProtocol.swift in Sources */,
				82C7B8422A50CC1700F9A552 /* SpeechRecognitionManager + Extensions.swift in Sources */,
				828CFA3C2A3680C700C7542D /* String + Extensions.swift in Sources */,
				827F0FFA2A4B2D7E00C481E4 /* AGPUMainViewController.swift in Sources */,
				82808E8D2A31F12100DEEB16 /* AGPUSectionsListViewController.swift in Sources */,
				82808E892A31F12100DEEB16 /* AppDelegate.swift in Sources */,
				829AD6992A43818A0047609B /* SettingsListViewModel.swift in Sources */,
				8224B4EC2A4F1BB10069B7B3 /* RealmManagerProtocol.swift in Sources */,
				82808EA02A31F44500DEEB16 /* AGPUSubSectionModel.swift in Sources */,
				82808EA92A32236E00DEEB16 /* AGPUSections.swift in Sources */,
				826888692A3482DF00434219 /* AGPUSubSections.swift in Sources */,
				82EF23DA2A3DF24E004A7B9C /* SpeechRecognitionManagerProtocol.swift in Sources */,
				8224B4E02A4F181E0069B7B3 /* AddMusicViewController + Extensions.swift in Sources */,
				82320D832A49167000ECADEE /* AlternateIconModel.swift in Sources */,
				82808E8B2A31F12100DEEB16 /* SceneDelegate.swift in Sources */,
				829548992A43AE32007DEBA0 /* SettingsManagerProtocol.swift in Sources */,
				82C7B8462A50CD4C00F9A552 /* SettingsManager + Extensions.swift in Sources */,
				8224B4E62A4F1AF70069B7B3 /* FileServiceProtocol.swift in Sources */,
				82320D812A4913FE00ECADEE /* AlternateIcons.swift in Sources */,
				8205367E2A50AE5D0054B756 /* CustomMusicTableViewCell.swift in Sources */,
				82320D872A491F5700ECADEE /* ElectedFacultyTableViewCell.swift in Sources */,
				82EF23DF2A3DF621004A7B9C /* SpringImageView.swift in Sources */,
				822158962A422A650088BDE5 /* SettingsListViewController.swift in Sources */,
				8295489C2A43AE7E007DEBA0 /* SettingsManager.swift in Sources */,
				828CFA372A35F65700C7542D /* WebViewController.swift in Sources */,
				826888582A33AB5600434219 /* AGPUSplashScreenViewController.swift in Sources */,
				82F4ECFE2A3F82E400F1E5CC /* AudioPlayer.swift in Sources */,
				82C7B8402A50C98900F9A552 /* AudioPlayer + Extensions.swift in Sources */,
			);
			runOnlyForDeploymentPostprocessing = 0;
		};
/* End PBXSourcesBuildPhase section */

/* Begin PBXVariantGroup section */
		82808E932A31F12500DEEB16 /* LaunchScreen.storyboard */ = {
			isa = PBXVariantGroup;
			children = (
				82808E942A31F12500DEEB16 /* Base */,
			);
			name = LaunchScreen.storyboard;
			sourceTree = "<group>";
		};
/* End PBXVariantGroup section */

/* Begin XCBuildConfiguration section */
		82808E972A31F12500DEEB16 /* Debug */ = {
			isa = XCBuildConfiguration;
			buildSettings = {
				ALWAYS_SEARCH_USER_PATHS = NO;
				CLANG_ANALYZER_NONNULL = YES;
				CLANG_ANALYZER_NUMBER_OBJECT_CONVERSION = YES_AGGRESSIVE;
				CLANG_CXX_LANGUAGE_STANDARD = "gnu++20";
				CLANG_ENABLE_MODULES = YES;
				CLANG_ENABLE_OBJC_ARC = YES;
				CLANG_ENABLE_OBJC_WEAK = YES;
				CLANG_WARN_BLOCK_CAPTURE_AUTORELEASING = YES;
				CLANG_WARN_BOOL_CONVERSION = YES;
				CLANG_WARN_COMMA = YES;
				CLANG_WARN_CONSTANT_CONVERSION = YES;
				CLANG_WARN_DEPRECATED_OBJC_IMPLEMENTATIONS = YES;
				CLANG_WARN_DIRECT_OBJC_ISA_USAGE = YES_ERROR;
				CLANG_WARN_DOCUMENTATION_COMMENTS = YES;
				CLANG_WARN_EMPTY_BODY = YES;
				CLANG_WARN_ENUM_CONVERSION = YES;
				CLANG_WARN_INFINITE_RECURSION = YES;
				CLANG_WARN_INT_CONVERSION = YES;
				CLANG_WARN_NON_LITERAL_NULL_CONVERSION = YES;
				CLANG_WARN_OBJC_IMPLICIT_RETAIN_SELF = YES;
				CLANG_WARN_OBJC_LITERAL_CONVERSION = YES;
				CLANG_WARN_OBJC_ROOT_CLASS = YES_ERROR;
				CLANG_WARN_QUOTED_INCLUDE_IN_FRAMEWORK_HEADER = YES;
				CLANG_WARN_RANGE_LOOP_ANALYSIS = YES;
				CLANG_WARN_STRICT_PROTOTYPES = YES;
				CLANG_WARN_SUSPICIOUS_MOVE = YES;
				CLANG_WARN_UNGUARDED_AVAILABILITY = YES_AGGRESSIVE;
				CLANG_WARN_UNREACHABLE_CODE = YES;
				CLANG_WARN__DUPLICATE_METHOD_MATCH = YES;
				COPY_PHASE_STRIP = NO;
				DEBUG_INFORMATION_FORMAT = dwarf;
				ENABLE_STRICT_OBJC_MSGSEND = YES;
				ENABLE_TESTABILITY = YES;
				GCC_C_LANGUAGE_STANDARD = gnu11;
				GCC_DYNAMIC_NO_PIC = NO;
				GCC_NO_COMMON_BLOCKS = YES;
				GCC_OPTIMIZATION_LEVEL = 0;
				GCC_PREPROCESSOR_DEFINITIONS = (
					"DEBUG=1",
					"$(inherited)",
				);
				GCC_WARN_64_TO_32_BIT_CONVERSION = YES;
				GCC_WARN_ABOUT_RETURN_TYPE = YES_ERROR;
				GCC_WARN_UNDECLARED_SELECTOR = YES;
				GCC_WARN_UNINITIALIZED_AUTOS = YES_AGGRESSIVE;
				GCC_WARN_UNUSED_FUNCTION = YES;
				GCC_WARN_UNUSED_VARIABLE = YES;
				IPHONEOS_DEPLOYMENT_TARGET = 16.4;
				MTL_ENABLE_DEBUG_INFO = INCLUDE_SOURCE;
				MTL_FAST_MATH = YES;
				ONLY_ACTIVE_ARCH = YES;
				SDKROOT = iphoneos;
				SWIFT_ACTIVE_COMPILATION_CONDITIONS = DEBUG;
				SWIFT_OPTIMIZATION_LEVEL = "-Onone";
			};
			name = Debug;
		};
		82808E982A31F12500DEEB16 /* Release */ = {
			isa = XCBuildConfiguration;
			buildSettings = {
				ALWAYS_SEARCH_USER_PATHS = NO;
				CLANG_ANALYZER_NONNULL = YES;
				CLANG_ANALYZER_NUMBER_OBJECT_CONVERSION = YES_AGGRESSIVE;
				CLANG_CXX_LANGUAGE_STANDARD = "gnu++20";
				CLANG_ENABLE_MODULES = YES;
				CLANG_ENABLE_OBJC_ARC = YES;
				CLANG_ENABLE_OBJC_WEAK = YES;
				CLANG_WARN_BLOCK_CAPTURE_AUTORELEASING = YES;
				CLANG_WARN_BOOL_CONVERSION = YES;
				CLANG_WARN_COMMA = YES;
				CLANG_WARN_CONSTANT_CONVERSION = YES;
				CLANG_WARN_DEPRECATED_OBJC_IMPLEMENTATIONS = YES;
				CLANG_WARN_DIRECT_OBJC_ISA_USAGE = YES_ERROR;
				CLANG_WARN_DOCUMENTATION_COMMENTS = YES;
				CLANG_WARN_EMPTY_BODY = YES;
				CLANG_WARN_ENUM_CONVERSION = YES;
				CLANG_WARN_INFINITE_RECURSION = YES;
				CLANG_WARN_INT_CONVERSION = YES;
				CLANG_WARN_NON_LITERAL_NULL_CONVERSION = YES;
				CLANG_WARN_OBJC_IMPLICIT_RETAIN_SELF = YES;
				CLANG_WARN_OBJC_LITERAL_CONVERSION = YES;
				CLANG_WARN_OBJC_ROOT_CLASS = YES_ERROR;
				CLANG_WARN_QUOTED_INCLUDE_IN_FRAMEWORK_HEADER = YES;
				CLANG_WARN_RANGE_LOOP_ANALYSIS = YES;
				CLANG_WARN_STRICT_PROTOTYPES = YES;
				CLANG_WARN_SUSPICIOUS_MOVE = YES;
				CLANG_WARN_UNGUARDED_AVAILABILITY = YES_AGGRESSIVE;
				CLANG_WARN_UNREACHABLE_CODE = YES;
				CLANG_WARN__DUPLICATE_METHOD_MATCH = YES;
				COPY_PHASE_STRIP = NO;
				DEBUG_INFORMATION_FORMAT = "dwarf-with-dsym";
				ENABLE_NS_ASSERTIONS = NO;
				ENABLE_STRICT_OBJC_MSGSEND = YES;
				GCC_C_LANGUAGE_STANDARD = gnu11;
				GCC_NO_COMMON_BLOCKS = YES;
				GCC_WARN_64_TO_32_BIT_CONVERSION = YES;
				GCC_WARN_ABOUT_RETURN_TYPE = YES_ERROR;
				GCC_WARN_UNDECLARED_SELECTOR = YES;
				GCC_WARN_UNINITIALIZED_AUTOS = YES_AGGRESSIVE;
				GCC_WARN_UNUSED_FUNCTION = YES;
				GCC_WARN_UNUSED_VARIABLE = YES;
				IPHONEOS_DEPLOYMENT_TARGET = 16.4;
				MTL_ENABLE_DEBUG_INFO = NO;
				MTL_FAST_MATH = YES;
				SDKROOT = iphoneos;
				SWIFT_COMPILATION_MODE = wholemodule;
				SWIFT_OPTIMIZATION_LEVEL = "-O";
				VALIDATE_PRODUCT = YES;
			};
			name = Release;
		};
		82808E9A2A31F12500DEEB16 /* Debug */ = {
			isa = XCBuildConfiguration;
			buildSettings = {
				ASSETCATALOG_COMPILER_ALTERNATE_APPICON_NAMES = "AppIcon 6 AppIcon 5 AppIcon 4 AppIcon 3 AppIcon 2 AppIcon 1";
				ASSETCATALOG_COMPILER_APPICON_NAME = AppIcon;
				ASSETCATALOG_COMPILER_GLOBAL_ACCENT_COLOR_NAME = AccentColor;
				ASSETCATALOG_COMPILER_INCLUDE_ALL_APPICON_ASSETS = YES;
				CODE_SIGN_STYLE = Automatic;
				CURRENT_PROJECT_VERSION = 1;
				DEVELOPMENT_TEAM = 265GKHT32M;
				GENERATE_INFOPLIST_FILE = YES;
				INFOPLIST_FILE = AGPU/sources/app/Info.plist;
				INFOPLIST_KEY_CFBundleDisplayName = "АГПУ";
				INFOPLIST_KEY_NSLocationAlwaysAndWhenInUseUsageDescription = "";
				INFOPLIST_KEY_NSLocationWhenInUseUsageDescription = "";
				INFOPLIST_KEY_NSMicrophoneUsageDescription = "";
				INFOPLIST_KEY_NSSpeechRecognitionUsageDescription = "";
				INFOPLIST_KEY_UIApplicationSupportsIndirectInputEvents = YES;
				INFOPLIST_KEY_UILaunchStoryboardName = LaunchScreen;
				INFOPLIST_KEY_UISupportedInterfaceOrientations_iPad = UIInterfaceOrientationPortrait;
				INFOPLIST_KEY_UISupportedInterfaceOrientations_iPhone = UIInterfaceOrientationPortrait;
				IPHONEOS_DEPLOYMENT_TARGET = 15.0;
				LD_RUNPATH_SEARCH_PATHS = (
					"$(inherited)",
					"@executable_path/Frameworks",
				);
				MARKETING_VERSION = 1.0;
				PRODUCT_BUNDLE_IDENTIFIER = com.AGPU;
				PRODUCT_NAME = "$(TARGET_NAME)";
				SWIFT_EMIT_LOC_STRINGS = YES;
				SWIFT_VERSION = 5.0;
				TARGETED_DEVICE_FAMILY = "1,2";
			};
			name = Debug;
		};
		82808E9B2A31F12500DEEB16 /* Release */ = {
			isa = XCBuildConfiguration;
			buildSettings = {
				ASSETCATALOG_COMPILER_ALTERNATE_APPICON_NAMES = "AppIcon 6 AppIcon 5 AppIcon 4 AppIcon 3 AppIcon 2 AppIcon 1";
				ASSETCATALOG_COMPILER_APPICON_NAME = AppIcon;
				ASSETCATALOG_COMPILER_GLOBAL_ACCENT_COLOR_NAME = AccentColor;
				ASSETCATALOG_COMPILER_INCLUDE_ALL_APPICON_ASSETS = YES;
				CODE_SIGN_STYLE = Automatic;
				CURRENT_PROJECT_VERSION = 1;
				DEVELOPMENT_TEAM = 265GKHT32M;
				GENERATE_INFOPLIST_FILE = YES;
				INFOPLIST_FILE = AGPU/sources/app/Info.plist;
				INFOPLIST_KEY_CFBundleDisplayName = "АГПУ";
				INFOPLIST_KEY_NSLocationAlwaysAndWhenInUseUsageDescription = "";
				INFOPLIST_KEY_NSLocationWhenInUseUsageDescription = "";
				INFOPLIST_KEY_NSMicrophoneUsageDescription = "";
				INFOPLIST_KEY_NSSpeechRecognitionUsageDescription = "";
				INFOPLIST_KEY_UIApplicationSupportsIndirectInputEvents = YES;
				INFOPLIST_KEY_UILaunchStoryboardName = LaunchScreen;
				INFOPLIST_KEY_UISupportedInterfaceOrientations_iPad = UIInterfaceOrientationPortrait;
				INFOPLIST_KEY_UISupportedInterfaceOrientations_iPhone = UIInterfaceOrientationPortrait;
				IPHONEOS_DEPLOYMENT_TARGET = 15.0;
				LD_RUNPATH_SEARCH_PATHS = (
					"$(inherited)",
					"@executable_path/Frameworks",
				);
				MARKETING_VERSION = 1.0;
				PRODUCT_BUNDLE_IDENTIFIER = com.AGPU;
				PRODUCT_NAME = "$(TARGET_NAME)";
				SWIFT_EMIT_LOC_STRINGS = YES;
				SWIFT_VERSION = 5.0;
				TARGETED_DEVICE_FAMILY = "1,2";
			};
			name = Release;
		};
/* End XCBuildConfiguration section */

/* Begin XCConfigurationList section */
		82808E802A31F12100DEEB16 /* Build configuration list for PBXProject "AGPU" */ = {
			isa = XCConfigurationList;
			buildConfigurations = (
				82808E972A31F12500DEEB16 /* Debug */,
				82808E982A31F12500DEEB16 /* Release */,
			);
			defaultConfigurationIsVisible = 0;
			defaultConfigurationName = Release;
		};
		82808E992A31F12500DEEB16 /* Build configuration list for PBXNativeTarget "AGPU" */ = {
			isa = XCConfigurationList;
			buildConfigurations = (
				82808E9A2A31F12500DEEB16 /* Debug */,
				82808E9B2A31F12500DEEB16 /* Release */,
			);
			defaultConfigurationIsVisible = 0;
			defaultConfigurationName = Release;
		};
/* End XCConfigurationList section */

/* Begin XCRemoteSwiftPackageReference section */
		8224B4ED2A4F1C420069B7B3 /* XCRemoteSwiftPackageReference "realm-swift" */ = {
			isa = XCRemoteSwiftPackageReference;
			repositoryURL = "https://github.com/realm/realm-swift";
			requirement = {
				branch = master;
				kind = branch;
			};
		};
/* End XCRemoteSwiftPackageReference section */

/* Begin XCSwiftPackageProductDependency section */
		8224B4EE2A4F1C420069B7B3 /* Realm */ = {
			isa = XCSwiftPackageProductDependency;
			package = 8224B4ED2A4F1C420069B7B3 /* XCRemoteSwiftPackageReference "realm-swift" */;
			productName = Realm;
		};
		8224B4F02A4F1C420069B7B3 /* RealmSwift */ = {
			isa = XCSwiftPackageProductDependency;
			package = 8224B4ED2A4F1C420069B7B3 /* XCRemoteSwiftPackageReference "realm-swift" */;
			productName = RealmSwift;
		};
/* End XCSwiftPackageProductDependency section */
	};
	rootObject = 82808E7D2A31F12100DEEB16 /* Project object */;
}
